PODS:
  - Alamofire (4.8.2)
  - CollectionKit (2.4.0):
    - CollectionKit/Core (= 2.4.0)
  - CollectionKit/Core (2.4.0)
  - EachNavigationBar (1.9.2)
  - ESTabBarController-swift (2.6.4)
  - HandyJSON (5.0.0-beta.1)
  - lottie-ios (3.0.3)
  - ProgressHUD (2.51)
  - SideMenu (5.0.1)
  - SnapKit (4.2.0)
  - SwiftyJSON (4.3.0)

DEPENDENCIES:
  - Alamofire
  - CollectionKit
  - EachNavigationBar
  - ESTabBarController-swift
  - HandyJSON (from `https://github.com/alibaba/HandyJSON.git`, branch `dev_for_swift5.0`)
  - lottie-ios
  - ProgressHUD
  - SideMenu
  - SnapKit
  - SwiftyJSON

SPEC REPOS:
  https://github.com/cocoapods/specs.git:
    - Alamofire
    - CollectionKit
    - EachNavigationBar
    - ESTabBarController-swift
    - lottie-ios
    - ProgressHUD
    - SideMenu
    - SnapKit
    - SwiftyJSON

EXTERNAL SOURCES:
  HandyJSON:
    :branch: dev_for_swift5.0
    :git: https://github.com/alibaba/HandyJSON.git

CHECKOUT OPTIONS:
  HandyJSON:
    :commit: a2ba4e537711ae1fcd9183679c4db878eb171a78
    :git: https://github.com/alibaba/HandyJSON.git

SPEC CHECKSUMS:
  Alamofire: ae5c501addb7afdbb13687d7f2f722c78734c2d3
  CollectionKit: 8f01e7629185bb81072c4aa734d105df5c2d1c8b
  EachNavigationBar: 4978d1327a85d7c50d070b0a387f6e30fa089cfc
  ESTabBarController-swift: 58cca4ab7de980657d99a02181c1ff310983e975
  HandyJSON: 582477127ab3ab65bd2e471815f1a7b846856978
  lottie-ios: 06e0b54aab85ba128e332687d7f4ac4861a7a7ae
  ProgressHUD: 54b4c2fa202bf3da7dddc1c698ae4e6376333bd9
  SideMenu: 87efd943737bb83aedf0358884d09fcf5576636d
  SnapKit: fe8a619752f3f27075cc9a90244d75c6c3f27e2a
  SwiftyJSON: 6faa0040f8b59dead0ee07436cbf76b73c08fd08

PODFILE CHECKSUM: 9e909ac643fcddbd82bf3101a3c1fec6868cac51

COCOAPODS: 1.6.1
