// !$*UTF8*$!
{
	archiveVersion = 1;
	classes = {
	};
	objectVersion = 51;
	objects = {

/* Begin PBXBuildFile section */
		250DDCFE22ED2907001C765B /* CFDiaryController.swift in Sources */ = {isa = PBXBuildFile; fileRef = 250DDCFD22ED2907001C765B /* CFDiaryController.swift */; };
		250DDD0322ED2935001C765B /* diary_today.json in Resources */ = {isa = PBXBuildFile; fileRef = 250DDD0222ED2935001C765B /* diary_today.json */; };
		250DDD0522ED2939001C765B /* diary_now.json in Resources */ = {isa = PBXBuildFile; fileRef = 250DDD0422ED2939001C765B /* diary_now.json */; };
		250DDD0722ED2B56001C765B /* DiaryModel.swift in Sources */ = {isa = PBXBuildFile; fileRef = 250DDD0622ED2B56001C765B /* DiaryModel.swift */; };
		251215A722E060E70025CFD9 /* UserDefaults.swift in Sources */ = {isa = PBXBuildFile; fileRef = 251215A622E060E70025CFD9 /* UserDefaults.swift */; };
		251215AB22E062010025CFD9 /* MyModel.swift in Sources */ = {isa = PBXBuildFile; fileRef = 251215AA22E062010025CFD9 /* MyModel.swift */; };
		25E3582422DEEDD80063AA9E /* Alamofire.framework in Frameworks */ = {isa = PBXBuildFile; fileRef = 25E3582322DEEDD80063AA9E /* Alamofire.framework */; };
		25E3582622DEEDD80063AA9E /* BSGridCollectionViewLayout.framework in Frameworks */ = {isa = PBXBuildFile; fileRef = 25E3582522DEEDD80063AA9E /* BSGridCollectionViewLayout.framework */; };
		25E3582822DEEDD80063AA9E /* BSImagePicker.framework in Frameworks */ = {isa = PBXBuildFile; fileRef = 25E3582722DEEDD80063AA9E /* BSImagePicker.framework */; };
		25E3582A22DEEDD80063AA9E /* BSImageView.framework in Frameworks */ = {isa = PBXBuildFile; fileRef = 25E3582922DEEDD80063AA9E /* BSImageView.framework */; };
		25E3582C22DEEDD80063AA9E /* CollectionKit.framework in Frameworks */ = {isa = PBXBuildFile; fileRef = 25E3582B22DEEDD80063AA9E /* CollectionKit.framework */; };
		25E3582E22DEEDD80063AA9E /* EachNavigationBar.framework in Frameworks */ = {isa = PBXBuildFile; fileRef = 25E3582D22DEEDD80063AA9E /* EachNavigationBar.framework */; };
		25E3583022DEEDD80063AA9E /* ESTabBarController_swift.framework in Frameworks */ = {isa = PBXBuildFile; fileRef = 25E3582F22DEEDD80063AA9E /* ESTabBarController_swift.framework */; };
		25E3583222DEEDD80063AA9E /* HandyJSON.framework in Frameworks */ = {isa = PBXBuildFile; fileRef = 25E3583122DEEDD80063AA9E /* HandyJSON.framework */; };
		25E3583422DEEDD80063AA9E /* Lottie.framework in Frameworks */ = {isa = PBXBuildFile; fileRef = 25E3583322DEEDD80063AA9E /* Lottie.framework */; };
		25E3583622DEEDD80063AA9E /* MJRefresh.framework in Frameworks */ = {isa = PBXBuildFile; fileRef = 25E3583522DEEDD80063AA9E /* MJRefresh.framework */; };
		25E3583822DEEDD80063AA9E /* Pods_CareFree.framework in Frameworks */ = {isa = PBXBuildFile; fileRef = 25E3583722DEEDD80063AA9E /* Pods_CareFree.framework */; };
		25E3583A22DEEDD80063AA9E /* ProgressHUD.framework in Frameworks */ = {isa = PBXBuildFile; fileRef = 25E3583922DEEDD80063AA9E /* ProgressHUD.framework */; };
		25E3583C22DEEDD80063AA9E /* Realm.framework in Frameworks */ = {isa = PBXBuildFile; fileRef = 25E3583B22DEEDD80063AA9E /* Realm.framework */; };
		25E3583E22DEEDD80063AA9E /* RealmSwift.framework in Frameworks */ = {isa = PBXBuildFile; fileRef = 25E3583D22DEEDD80063AA9E /* RealmSwift.framework */; };
		25E3584022DEEDD80063AA9E /* RxRealm.framework in Frameworks */ = {isa = PBXBuildFile; fileRef = 25E3583F22DEEDD80063AA9E /* RxRealm.framework */; };
		25E3584222DEEDD80063AA9E /* RxSwift.framework in Frameworks */ = {isa = PBXBuildFile; fileRef = 25E3584122DEEDD80063AA9E /* RxSwift.framework */; };
		25E3584422DEEDD80063AA9E /* SideMenu.framework in Frameworks */ = {isa = PBXBuildFile; fileRef = 25E3584322DEEDD80063AA9E /* SideMenu.framework */; };
		25E3584622DEEDD80063AA9E /* SnapKit.framework in Frameworks */ = {isa = PBXBuildFile; fileRef = 25E3584522DEEDD80063AA9E /* SnapKit.framework */; };
		25E3584822DEEDD80063AA9E /* SwiftyJSON.framework in Frameworks */ = {isa = PBXBuildFile; fileRef = 25E3584722DEEDD80063AA9E /* SwiftyJSON.framework */; };
		25E3584A22DEEDD80063AA9E /* YetAnotherAnimationLibrary.framework in Frameworks */ = {isa = PBXBuildFile; fileRef = 25E3584922DEEDD80063AA9E /* YetAnotherAnimationLibrary.framework */; };
		25EBFE3722E14E8D0055B7C2 /* YQCircleProgressView.swift in Sources */ = {isa = PBXBuildFile; fileRef = 25EBFE3622E14E8D0055B7C2 /* YQCircleProgressView.swift */; };
		25EBFE3C22E16B000055B7C2 /* RecommendController.swift in Sources */ = {isa = PBXBuildFile; fileRef = 25EBFE3B22E16B000055B7C2 /* RecommendController.swift */; };
		25EBFE4722E18D650055B7C2 /* RecommendHeaderView.swift in Sources */ = {isa = PBXBuildFile; fileRef = 25EBFE4622E18D650055B7C2 /* RecommendHeaderView.swift */; };
		25EBFE4C22E190E50055B7C2 /* RecommendBookCell.swift in Sources */ = {isa = PBXBuildFile; fileRef = 25EBFE4B22E190E50055B7C2 /* RecommendBookCell.swift */; };
		25EBFE4E22E1924B0055B7C2 /* BookModel.swift in Sources */ = {isa = PBXBuildFile; fileRef = 25EBFE4D22E1924B0055B7C2 /* BookModel.swift */; };
		25EBFE5022E193090055B7C2 /* BookCell.swift in Sources */ = {isa = PBXBuildFile; fileRef = 25EBFE4F22E193090055B7C2 /* BookCell.swift */; };
		25EBFE5322E19B680055B7C2 /* RCViewController.swift in Sources */ = {isa = PBXBuildFile; fileRef = 25EBFE5122E19B680055B7C2 /* RCViewController.swift */; };
		25EBFE5422E19B680055B7C2 /* RCViewController.xib in Resources */ = {isa = PBXBuildFile; fileRef = 25EBFE5222E19B680055B7C2 /* RCViewController.xib */; };
		F502C39622EE865700E99112 /* AlbumDetialController.swift in Sources */ = {isa = PBXBuildFile; fileRef = F502C39522EE865700E99112 /* AlbumDetialController.swift */; };
		F502C39822EE8C4000E99112 /* HappyAlbumController.swift in Sources */ = {isa = PBXBuildFile; fileRef = F502C39722EE8C4000E99112 /* HappyAlbumController.swift */; };
		F502C39B22EE909C00E99112 /* CalmViewController.swift in Sources */ = {isa = PBXBuildFile; fileRef = F502C39922EE909C00E99112 /* CalmViewController.swift */; };
		F502C39C22EE909C00E99112 /* CalmViewController.xib in Resources */ = {isa = PBXBuildFile; fileRef = F502C39A22EE909C00E99112 /* CalmViewController.xib */; };
		F502C39F22EE91C000E99112 /* SoSadViewController.swift in Sources */ = {isa = PBXBuildFile; fileRef = F502C39D22EE91C000E99112 /* SoSadViewController.swift */; };
		F502C3A022EE91C000E99112 /* SoSadViewController.xib in Resources */ = {isa = PBXBuildFile; fileRef = F502C39E22EE91C000E99112 /* SoSadViewController.xib */; };
		F502C3A322EE93BA00E99112 /* SadViewController.swift in Sources */ = {isa = PBXBuildFile; fileRef = F502C3A122EE93BA00E99112 /* SadViewController.swift */; };
		F502C3A422EE93BA00E99112 /* SadViewController.xib in Resources */ = {isa = PBXBuildFile; fileRef = F502C3A222EE93BA00E99112 /* SadViewController.xib */; };
		F502C3A722EE955700E99112 /* ImportOC.m in Sources */ = {isa = PBXBuildFile; fileRef = F502C3A622EE955700E99112 /* ImportOC.m */; };
		F502C3AF22EE956200E99112 /* TKARViewController.swift in Sources */ = {isa = PBXBuildFile; fileRef = F502C3A822EE956000E99112 /* TKARViewController.swift */; };
		F502C3B022EE956200E99112 /* ARPanorama.storyboard in Resources */ = {isa = PBXBuildFile; fileRef = F502C3A922EE956000E99112 /* ARPanorama.storyboard */; };
		F502C3B122EE956200E99112 /* ResourceManager.swift in Sources */ = {isa = PBXBuildFile; fileRef = F502C3AA22EE956100E99112 /* ResourceManager.swift */; };
		F502C3B222EE956200E99112 /* DLARSCNView.swift in Sources */ = {isa = PBXBuildFile; fileRef = F502C3AB22EE956100E99112 /* DLARSCNView.swift */; };
		F502C3B322EE956200E99112 /* TKPanoramaSelectViewController.swift in Sources */ = {isa = PBXBuildFile; fileRef = F502C3AC22EE956100E99112 /* TKPanoramaSelectViewController.swift */; };
		F502C3B422EE956200E99112 /* TKMacro.swift in Sources */ = {isa = PBXBuildFile; fileRef = F502C3AD22EE956100E99112 /* TKMacro.swift */; };
		F502C3B522EE956200E99112 /* ResourceConfiguration.swift in Sources */ = {isa = PBXBuildFile; fileRef = F502C3AE22EE956200E99112 /* ResourceConfiguration.swift */; };
		F502C3B722EE965F00E99112 /* 往后余生.mp3 in Resources */ = {isa = PBXBuildFile; fileRef = F502C3B622EE965E00E99112 /* 往后余生.mp3 */; };
		F52A269222ACD537000785D4 /* SetViewController.swift in Sources */ = {isa = PBXBuildFile; fileRef = F52A269122ACD537000785D4 /* SetViewController.swift */; };
		F52A269422ACD544000785D4 /* TrashViewController.swift in Sources */ = {isa = PBXBuildFile; fileRef = F52A269322ACD544000785D4 /* TrashViewController.swift */; };
		F5303D4B22A8D2AD0060EACE /* Const.swift in Sources */ = {isa = PBXBuildFile; fileRef = F5303D4A22A8D2AD0060EACE /* Const.swift */; };
		F5303D4D22A8D2C70060EACE /* Extension.swift in Sources */ = {isa = PBXBuildFile; fileRef = F5303D4C22A8D2C70060EACE /* Extension.swift */; };
		F5303D4F22A8D3B60060EACE /* CFBasicContentView.swift in Sources */ = {isa = PBXBuildFile; fileRef = F5303D4E22A8D3B60060EACE /* CFBasicContentView.swift */; };
		F5303D5122A8D4B60060EACE /* CFHomeViewController.swift in Sources */ = {isa = PBXBuildFile; fileRef = F5303D5022A8D4B60060EACE /* CFHomeViewController.swift */; };
		F5303D5322A8D4C20060EACE /* CFDiaryViewController.swift in Sources */ = {isa = PBXBuildFile; fileRef = F5303D5222A8D4C20060EACE /* CFDiaryViewController.swift */; };
		F5303D5522A8D4CE0060EACE /* CFAlbumViewController.swift in Sources */ = {isa = PBXBuildFile; fileRef = F5303D5422A8D4CE0060EACE /* CFAlbumViewController.swift */; };
		F5303D5722A8D4D80060EACE /* CFMineViewController.swift in Sources */ = {isa = PBXBuildFile; fileRef = F5303D5622A8D4D80060EACE /* CFMineViewController.swift */; };
		F5303D5A22A8E2B00060EACE /* CFMineCell.swift in Sources */ = {isa = PBXBuildFile; fileRef = F5303D5822A8E2B00060EACE /* CFMineCell.swift */; };
		F5303D5B22A8E2B00060EACE /* CFMineCell.xib in Resources */ = {isa = PBXBuildFile; fileRef = F5303D5922A8E2B00060EACE /* CFMineCell.xib */; };
		F536AAC322B10EC100F9853B /* EmotionChartController.swift in Sources */ = {isa = PBXBuildFile; fileRef = F536AAC222B10EC100F9853B /* EmotionChartController.swift */; };
		F536AAC522B1152400F9853B /* emotionChartCell.swift in Sources */ = {isa = PBXBuildFile; fileRef = F536AAC422B1152400F9853B /* emotionChartCell.swift */; };
		F536AAE522B1273B00F9853B /* emotionChartModel.swift in Sources */ = {isa = PBXBuildFile; fileRef = F536AAE422B1273B00F9853B /* emotionChartModel.swift */; };
		F54A1D1122A90638005836B3 /* diaryModel.swift in Sources */ = {isa = PBXBuildFile; fileRef = F54A1D1022A90638005836B3 /* diaryModel.swift */; };
		F54A1D1322A9064A005836B3 /* diaryCell.swift in Sources */ = {isa = PBXBuildFile; fileRef = F54A1D1222A9064A005836B3 /* diaryCell.swift */; };
		F54A1D1622A93422005836B3 /* emotionCell.swift in Sources */ = {isa = PBXBuildFile; fileRef = F54A1D1422A93422005836B3 /* emotionCell.swift */; };
		F54A1D1722A93422005836B3 /* emotionCell.xib in Resources */ = {isa = PBXBuildFile; fileRef = F54A1D1522A93422005836B3 /* emotionCell.xib */; };
		F54A1D1B22A93A64005836B3 /* diaryWriteCell.swift in Sources */ = {isa = PBXBuildFile; fileRef = F54A1D1A22A93A64005836B3 /* diaryWriteCell.swift */; };
		F54A1D1E22A9428C005836B3 /* writeCell.swift in Sources */ = {isa = PBXBuildFile; fileRef = F54A1D1C22A9428C005836B3 /* writeCell.swift */; };
		F54A1D1F22A9428C005836B3 /* writeCell.xib in Resources */ = {isa = PBXBuildFile; fileRef = F54A1D1D22A9428C005836B3 /* writeCell.xib */; };
		F55C10D222AB3E4A0036BE31 /* homeHeadCell.swift in Sources */ = {isa = PBXBuildFile; fileRef = F55C10D122AB3E4A0036BE31 /* homeHeadCell.swift */; };
		F55C10D422AB3E710036BE31 /* homeRecommendCell.swift in Sources */ = {isa = PBXBuildFile; fileRef = F55C10D322AB3E710036BE31 /* homeRecommendCell.swift */; };
		F55C10D622AB4FDC0036BE31 /* albumCell.swift in Sources */ = {isa = PBXBuildFile; fileRef = F55C10D522AB4FDC0036BE31 /* albumCell.swift */; };
		F55C10D922AB52490036BE31 /* albumTwoCell.swift in Sources */ = {isa = PBXBuildFile; fileRef = F55C10D722AB52490036BE31 /* albumTwoCell.swift */; };
		F55C10DA22AB52490036BE31 /* albumTwoCell.xib in Resources */ = {isa = PBXBuildFile; fileRef = F55C10D822AB52490036BE31 /* albumTwoCell.xib */; };
		F56C2E0422AA5CFA00BCFA11 /* showDiaryController.swift in Sources */ = {isa = PBXBuildFile; fileRef = F56C2E0322AA5CFA00BCFA11 /* showDiaryController.swift */; };
		F56C2E0622AA6B2E00BCFA11 /* MainNavigationController.swift in Sources */ = {isa = PBXBuildFile; fileRef = F56C2E0522AA6B2E00BCFA11 /* MainNavigationController.swift */; };
		F56C2E0822AA720A00BCFA11 /* showHeadCell.swift in Sources */ = {isa = PBXBuildFile; fileRef = F56C2E0722AA720A00BCFA11 /* showHeadCell.swift */; };
		F56C2E0A22AA811200BCFA11 /* showBodyCell.swift in Sources */ = {isa = PBXBuildFile; fileRef = F56C2E0922AA811200BCFA11 /* showBodyCell.swift */; };
		F56C2E0C22AA82D600BCFA11 /* nowModel.swift in Sources */ = {isa = PBXBuildFile; fileRef = F56C2E0B22AA82D600BCFA11 /* nowModel.swift */; };
		F58869A022E951BC0047BEF5 /* AlbumMoreViewController.swift in Sources */ = {isa = PBXBuildFile; fileRef = F588699E22E951BC0047BEF5 /* AlbumMoreViewController.swift */; };
		F58869A122E951BC0047BEF5 /* AlbumMoreViewController.xib in Resources */ = {isa = PBXBuildFile; fileRef = F588699F22E951BC0047BEF5 /* AlbumMoreViewController.xib */; };
		F58869B822E98CEB0047BEF5 /* CFBaseViewController.swift in Sources */ = {isa = PBXBuildFile; fileRef = F58869B722E98CEB0047BEF5 /* CFBaseViewController.swift */; };
		F58869BA22E98EAB0047BEF5 /* CFHomeController.swift in Sources */ = {isa = PBXBuildFile; fileRef = F58869B922E98EAB0047BEF5 /* CFHomeController.swift */; };
		F58869BC22E991770047BEF5 /* CFMineController.swift in Sources */ = {isa = PBXBuildFile; fileRef = F58869BB22E991770047BEF5 /* CFMineController.swift */; };
		F58869C222E9930E0047BEF5 /* CFMineViewModel.swift in Sources */ = {isa = PBXBuildFile; fileRef = F58869C122E9930E0047BEF5 /* CFMineViewModel.swift */; };
		F58869C422E993580047BEF5 /* CFMineModel.swift in Sources */ = {isa = PBXBuildFile; fileRef = F58869C322E993580047BEF5 /* CFMineModel.swift */; };
		F58869CC22E99E280047BEF5 /* mine.json in Resources */ = {isa = PBXBuildFile; fileRef = F58869CB22E99E280047BEF5 /* mine.json */; };
		F59FC05C22F16B37008F5019 /* PageChartCell.swift in Sources */ = {isa = PBXBuildFile; fileRef = F59FC05B22F16B37008F5019 /* PageChartCell.swift */; };
		F5A5B2DD22BB359A003BBF5D /* DwriteDiaryCell.swift in Sources */ = {isa = PBXBuildFile; fileRef = F5A5B2DC22BB359A003BBF5D /* DwriteDiaryCell.swift */; };
		F5A5B2DF22BB385A003BBF5D /* DiaryViewModel.swift in Sources */ = {isa = PBXBuildFile; fileRef = F5A5B2DE22BB385A003BBF5D /* DiaryViewModel.swift */; };
		F5A5C3B922B26C830060AA3E /* Diary.swift in Sources */ = {isa = PBXBuildFile; fileRef = F5A5C3B822B26C830060AA3E /* Diary.swift */; };
		F5AC532622AA0289008A78E2 /* diaryWriteController.swift in Sources */ = {isa = PBXBuildFile; fileRef = F5AC532422AA0289008A78E2 /* diaryWriteController.swift */; };
		F5AC532A22AA07A7008A78E2 /* writeDiaryCell.swift in Sources */ = {isa = PBXBuildFile; fileRef = F5AC532922AA07A7008A78E2 /* writeDiaryCell.swift */; };
		F5AC532D22AA136D008A78E2 /* diaryPhotoCell.swift in Sources */ = {isa = PBXBuildFile; fileRef = F5AC532B22AA136D008A78E2 /* diaryPhotoCell.swift */; };
		F5AC532E22AA136D008A78E2 /* diaryPhotoCell.xib in Resources */ = {isa = PBXBuildFile; fileRef = F5AC532C22AA136D008A78E2 /* diaryPhotoCell.xib */; };
		F5C4091522EED25C004DE68A /* DayEmotionController.swift in Sources */ = {isa = PBXBuildFile; fileRef = F5C4091422EED25C004DE68A /* DayEmotionController.swift */; };
		F5C4091722EED267004DE68A /* WeekEmotionController.swift in Sources */ = {isa = PBXBuildFile; fileRef = F5C4091622EED267004DE68A /* WeekEmotionController.swift */; };
		F5C4091922EED276004DE68A /* MouthEmotionController.swift in Sources */ = {isa = PBXBuildFile; fileRef = F5C4091822EED276004DE68A /* MouthEmotionController.swift */; };
		F5C4091B22EED287004DE68A /* YearEmotionController.swift in Sources */ = {isa = PBXBuildFile; fileRef = F5C4091A22EED287004DE68A /* YearEmotionController.swift */; };
		F5C4091D22EED74F004DE68A /* CoustDNSPageView.swift in Sources */ = {isa = PBXBuildFile; fileRef = F5C4091C22EED74F004DE68A /* CoustDNSPageView.swift */; };
		F5C7738322B08C3A0087520B /* LoginViewController.swift in Sources */ = {isa = PBXBuildFile; fileRef = F5C7738122B08C3A0087520B /* LoginViewController.swift */; };
		F5C7738422B08C3A0087520B /* LoginViewController.xib in Resources */ = {isa = PBXBuildFile; fileRef = F5C7738222B08C3A0087520B /* LoginViewController.xib */; };
		F5C7738722B090F70087520B /* RegisterViewController.swift in Sources */ = {isa = PBXBuildFile; fileRef = F5C7738522B090F70087520B /* RegisterViewController.swift */; };
		F5C7738822B090F70087520B /* RegisterViewController.xib in Resources */ = {isa = PBXBuildFile; fileRef = F5C7738622B090F70087520B /* RegisterViewController.xib */; };
		F5C7738B22B091D90087520B /* AboutViewController.swift in Sources */ = {isa = PBXBuildFile; fileRef = F5C7738922B091D90087520B /* AboutViewController.swift */; };
		F5C7738C22B091D90087520B /* AboutViewController.xib in Resources */ = {isa = PBXBuildFile; fileRef = F5C7738A22B091D90087520B /* AboutViewController.xib */; };
		F5C7739022B092240087520B /* CutUserViewController.swift in Sources */ = {isa = PBXBuildFile; fileRef = F5C7738E22B092240087520B /* CutUserViewController.swift */; };
		F5C7739122B092240087520B /* CutUserViewController.xib in Resources */ = {isa = PBXBuildFile; fileRef = F5C7738F22B092240087520B /* CutUserViewController.xib */; };
		F5C7739622B092500087520B /* FacebackViewController.swift in Sources */ = {isa = PBXBuildFile; fileRef = F5C7739422B092500087520B /* FacebackViewController.swift */; };
		F5C7739722B092500087520B /* FacebackViewController.xib in Resources */ = {isa = PBXBuildFile; fileRef = F5C7739522B092500087520B /* FacebackViewController.xib */; };
		F5C7739B22B0927D0087520B /* AlterUserNameController.swift in Sources */ = {isa = PBXBuildFile; fileRef = F5C7739922B0927D0087520B /* AlterUserNameController.swift */; };
		F5C7739C22B0927D0087520B /* AlterUserNameController.xib in Resources */ = {isa = PBXBuildFile; fileRef = F5C7739A22B0927D0087520B /* AlterUserNameController.xib */; };
		F5C8D40322EA900E002215F4 /* MineChartCell.swift in Sources */ = {isa = PBXBuildFile; fileRef = F5C8D40222EA900E002215F4 /* MineChartCell.swift */; };
		F5D28D5622BB1921008CA4D2 /* DiaryViewController.swift in Sources */ = {isa = PBXBuildFile; fileRef = F5D28D5522BB1921008CA4D2 /* DiaryViewController.swift */; };
		F5D28D5E22BB1D45008CA4D2 /* DsearchCell.swift in Sources */ = {isa = PBXBuildFile; fileRef = F5D28D5D22BB1D45008CA4D2 /* DsearchCell.swift */; };
		F5D28D6122BB1DD8008CA4D2 /* DshowDiaryCell.swift in Sources */ = {isa = PBXBuildFile; fileRef = F5D28D6022BB1DD8008CA4D2 /* DshowDiaryCell.swift */; };
		F5D9752522A3B36E0014BE15 /* AppDelegate.swift in Sources */ = {isa = PBXBuildFile; fileRef = F5D9752422A3B36E0014BE15 /* AppDelegate.swift */; };
		F5D9752722A3B36E0014BE15 /* ViewController.swift in Sources */ = {isa = PBXBuildFile; fileRef = F5D9752622A3B36E0014BE15 /* ViewController.swift */; };
		F5D9752A22A3B36E0014BE15 /* Main.storyboard in Resources */ = {isa = PBXBuildFile; fileRef = F5D9752822A3B36E0014BE15 /* Main.storyboard */; };
		F5D9752C22A3B3700014BE15 /* Assets.xcassets in Resources */ = {isa = PBXBuildFile; fileRef = F5D9752B22A3B3700014BE15 /* Assets.xcassets */; };
		F5D9752F22A3B3700014BE15 /* LaunchScreen.storyboard in Resources */ = {isa = PBXBuildFile; fileRef = F5D9752D22A3B3700014BE15 /* LaunchScreen.storyboard */; };
		F5EEED0A22AFDC9500C84E9B /* setCell.swift in Sources */ = {isa = PBXBuildFile; fileRef = F5EEED0922AFDC9500C84E9B /* setCell.swift */; };
		F5EEED0C22AFE71400C84E9B /* setModel.swift in Sources */ = {isa = PBXBuildFile; fileRef = F5EEED0B22AFE71400C84E9B /* setModel.swift */; };
		F5FCFA6122AE85CB00C7B8A0 /* MineCell.swift in Sources */ = {isa = PBXBuildFile; fileRef = F5FCFA6022AE85CB00C7B8A0 /* MineCell.swift */; };
/* End PBXBuildFile section */

/* Begin PBXFileReference section */
		0AC6F29334E319B68CC1EE99 /* Pods-CareFree.debug.xcconfig */ = {isa = PBXFileReference; includeInIndex = 1; lastKnownFileType = text.xcconfig; name = "Pods-CareFree.debug.xcconfig"; path = "Target Support Files/Pods-CareFree/Pods-CareFree.debug.xcconfig"; sourceTree = "<group>"; };
		250DDCFD22ED2907001C765B /* CFDiaryController.swift */ = {isa = PBXFileReference; lastKnownFileType = sourcecode.swift; path = CFDiaryController.swift; sourceTree = "<group>"; };
		250DDD0222ED2935001C765B /* diary_today.json */ = {isa = PBXFileReference; fileEncoding = 4; lastKnownFileType = text.json; path = diary_today.json; sourceTree = "<group>"; };
		250DDD0422ED2939001C765B /* diary_now.json */ = {isa = PBXFileReference; fileEncoding = 4; lastKnownFileType = text.json; path = diary_now.json; sourceTree = "<group>"; };
		250DDD0622ED2B56001C765B /* DiaryModel.swift */ = {isa = PBXFileReference; lastKnownFileType = sourcecode.swift; path = DiaryModel.swift; sourceTree = "<group>"; };
		251215A622E060E70025CFD9 /* UserDefaults.swift */ = {isa = PBXFileReference; lastKnownFileType = sourcecode.swift; path = UserDefaults.swift; sourceTree = "<group>"; };
		251215AA22E062010025CFD9 /* MyModel.swift */ = {isa = PBXFileReference; lastKnownFileType = sourcecode.swift; path = MyModel.swift; sourceTree = "<group>"; };
		25E3582322DEEDD80063AA9E /* Alamofire.framework */ = {isa = PBXFileReference; explicitFileType = wrapper.framework; path = Alamofire.framework; sourceTree = BUILT_PRODUCTS_DIR; };
		25E3582522DEEDD80063AA9E /* BSGridCollectionViewLayout.framework */ = {isa = PBXFileReference; explicitFileType = wrapper.framework; path = BSGridCollectionViewLayout.framework; sourceTree = BUILT_PRODUCTS_DIR; };
		25E3582722DEEDD80063AA9E /* BSImagePicker.framework */ = {isa = PBXFileReference; explicitFileType = wrapper.framework; path = BSImagePicker.framework; sourceTree = BUILT_PRODUCTS_DIR; };
		25E3582922DEEDD80063AA9E /* BSImageView.framework */ = {isa = PBXFileReference; explicitFileType = wrapper.framework; path = BSImageView.framework; sourceTree = BUILT_PRODUCTS_DIR; };
		25E3582B22DEEDD80063AA9E /* CollectionKit.framework */ = {isa = PBXFileReference; explicitFileType = wrapper.framework; path = CollectionKit.framework; sourceTree = BUILT_PRODUCTS_DIR; };
		25E3582D22DEEDD80063AA9E /* EachNavigationBar.framework */ = {isa = PBXFileReference; explicitFileType = wrapper.framework; path = EachNavigationBar.framework; sourceTree = BUILT_PRODUCTS_DIR; };
		25E3582F22DEEDD80063AA9E /* ESTabBarController_swift.framework */ = {isa = PBXFileReference; explicitFileType = wrapper.framework; path = ESTabBarController_swift.framework; sourceTree = BUILT_PRODUCTS_DIR; };
		25E3583122DEEDD80063AA9E /* HandyJSON.framework */ = {isa = PBXFileReference; explicitFileType = wrapper.framework; path = HandyJSON.framework; sourceTree = BUILT_PRODUCTS_DIR; };
		25E3583322DEEDD80063AA9E /* Lottie.framework */ = {isa = PBXFileReference; explicitFileType = wrapper.framework; path = Lottie.framework; sourceTree = BUILT_PRODUCTS_DIR; };
		25E3583522DEEDD80063AA9E /* MJRefresh.framework */ = {isa = PBXFileReference; explicitFileType = wrapper.framework; path = MJRefresh.framework; sourceTree = BUILT_PRODUCTS_DIR; };
		25E3583722DEEDD80063AA9E /* Pods_CareFree.framework */ = {isa = PBXFileReference; explicitFileType = wrapper.framework; path = Pods_CareFree.framework; sourceTree = BUILT_PRODUCTS_DIR; };
		25E3583922DEEDD80063AA9E /* ProgressHUD.framework */ = {isa = PBXFileReference; explicitFileType = wrapper.framework; path = ProgressHUD.framework; sourceTree = BUILT_PRODUCTS_DIR; };
		25E3583B22DEEDD80063AA9E /* Realm.framework */ = {isa = PBXFileReference; explicitFileType = wrapper.framework; path = Realm.framework; sourceTree = BUILT_PRODUCTS_DIR; };
		25E3583D22DEEDD80063AA9E /* RealmSwift.framework */ = {isa = PBXFileReference; explicitFileType = wrapper.framework; path = RealmSwift.framework; sourceTree = BUILT_PRODUCTS_DIR; };
		25E3583F22DEEDD80063AA9E /* RxRealm.framework */ = {isa = PBXFileReference; explicitFileType = wrapper.framework; path = RxRealm.framework; sourceTree = BUILT_PRODUCTS_DIR; };
		25E3584122DEEDD80063AA9E /* RxSwift.framework */ = {isa = PBXFileReference; explicitFileType = wrapper.framework; path = RxSwift.framework; sourceTree = BUILT_PRODUCTS_DIR; };
		25E3584322DEEDD80063AA9E /* SideMenu.framework */ = {isa = PBXFileReference; explicitFileType = wrapper.framework; path = SideMenu.framework; sourceTree = BUILT_PRODUCTS_DIR; };
		25E3584522DEEDD80063AA9E /* SnapKit.framework */ = {isa = PBXFileReference; explicitFileType = wrapper.framework; path = SnapKit.framework; sourceTree = BUILT_PRODUCTS_DIR; };
		25E3584722DEEDD80063AA9E /* SwiftyJSON.framework */ = {isa = PBXFileReference; explicitFileType = wrapper.framework; path = SwiftyJSON.framework; sourceTree = BUILT_PRODUCTS_DIR; };
		25E3584922DEEDD80063AA9E /* YetAnotherAnimationLibrary.framework */ = {isa = PBXFileReference; explicitFileType = wrapper.framework; path = YetAnotherAnimationLibrary.framework; sourceTree = BUILT_PRODUCTS_DIR; };
		25EBFE3622E14E8D0055B7C2 /* YQCircleProgressView.swift */ = {isa = PBXFileReference; fileEncoding = 4; lastKnownFileType = sourcecode.swift; path = YQCircleProgressView.swift; sourceTree = "<group>"; };
		25EBFE3B22E16B000055B7C2 /* RecommendController.swift */ = {isa = PBXFileReference; lastKnownFileType = sourcecode.swift; path = RecommendController.swift; sourceTree = "<group>"; };
		25EBFE4622E18D650055B7C2 /* RecommendHeaderView.swift */ = {isa = PBXFileReference; lastKnownFileType = sourcecode.swift; path = RecommendHeaderView.swift; sourceTree = "<group>"; };
		25EBFE4B22E190E50055B7C2 /* RecommendBookCell.swift */ = {isa = PBXFileReference; lastKnownFileType = sourcecode.swift; path = RecommendBookCell.swift; sourceTree = "<group>"; };
		25EBFE4D22E1924B0055B7C2 /* BookModel.swift */ = {isa = PBXFileReference; lastKnownFileType = sourcecode.swift; path = BookModel.swift; sourceTree = "<group>"; };
		25EBFE4F22E193090055B7C2 /* BookCell.swift */ = {isa = PBXFileReference; lastKnownFileType = sourcecode.swift; path = BookCell.swift; sourceTree = "<group>"; };
		25EBFE5122E19B680055B7C2 /* RCViewController.swift */ = {isa = PBXFileReference; lastKnownFileType = sourcecode.swift; path = RCViewController.swift; sourceTree = "<group>"; };
		25EBFE5222E19B680055B7C2 /* RCViewController.xib */ = {isa = PBXFileReference; lastKnownFileType = file.xib; path = RCViewController.xib; sourceTree = "<group>"; };
		25FE25E622DEFC4E00FAE883 /* CareFree-Bridging-Header.h */ = {isa = PBXFileReference; lastKnownFileType = sourcecode.c.h; path = "CareFree-Bridging-Header.h"; sourceTree = "<group>"; };
		7F85E82E5540FEAE07E10186 /* Pods-CareFree.release.xcconfig */ = {isa = PBXFileReference; includeInIndex = 1; lastKnownFileType = text.xcconfig; name = "Pods-CareFree.release.xcconfig"; path = "Target Support Files/Pods-CareFree/Pods-CareFree.release.xcconfig"; sourceTree = "<group>"; };
		AB56F75EB18873700726BCC1 /* Pods-CareFree.debug.xcconfig */ = {isa = PBXFileReference; includeInIndex = 1; lastKnownFileType = text.xcconfig; name = "Pods-CareFree.debug.xcconfig"; path = "Pods/Target Support Files/Pods-CareFree/Pods-CareFree.debug.xcconfig"; sourceTree = "<group>"; };
		B8CCC6817D8AE2AE7C00048E /* Pods_CareFree.framework */ = {isa = PBXFileReference; explicitFileType = wrapper.framework; includeInIndex = 0; path = Pods_CareFree.framework; sourceTree = BUILT_PRODUCTS_DIR; };
		D61990A36297C6554824A5D1 /* Pods-CareFree.release.xcconfig */ = {isa = PBXFileReference; includeInIndex = 1; lastKnownFileType = text.xcconfig; name = "Pods-CareFree.release.xcconfig"; path = "Pods/Target Support Files/Pods-CareFree/Pods-CareFree.release.xcconfig"; sourceTree = "<group>"; };
		F502C39522EE865700E99112 /* AlbumDetialController.swift */ = {isa = PBXFileReference; lastKnownFileType = sourcecode.swift; path = AlbumDetialController.swift; sourceTree = "<group>"; };
		F502C39722EE8C4000E99112 /* HappyAlbumController.swift */ = {isa = PBXFileReference; lastKnownFileType = sourcecode.swift; path = HappyAlbumController.swift; sourceTree = "<group>"; };
		F502C39922EE909C00E99112 /* CalmViewController.swift */ = {isa = PBXFileReference; lastKnownFileType = sourcecode.swift; path = CalmViewController.swift; sourceTree = "<group>"; };
		F502C39A22EE909C00E99112 /* CalmViewController.xib */ = {isa = PBXFileReference; lastKnownFileType = file.xib; path = CalmViewController.xib; sourceTree = "<group>"; };
		F502C39D22EE91C000E99112 /* SoSadViewController.swift */ = {isa = PBXFileReference; lastKnownFileType = sourcecode.swift; path = SoSadViewController.swift; sourceTree = "<group>"; };
		F502C39E22EE91C000E99112 /* SoSadViewController.xib */ = {isa = PBXFileReference; lastKnownFileType = file.xib; path = SoSadViewController.xib; sourceTree = "<group>"; };
		F502C3A122EE93BA00E99112 /* SadViewController.swift */ = {isa = PBXFileReference; lastKnownFileType = sourcecode.swift; path = SadViewController.swift; sourceTree = "<group>"; };
		F502C3A222EE93BA00E99112 /* SadViewController.xib */ = {isa = PBXFileReference; lastKnownFileType = file.xib; path = SadViewController.xib; sourceTree = "<group>"; };
		F502C3A622EE955700E99112 /* ImportOC.m */ = {isa = PBXFileReference; fileEncoding = 4; lastKnownFileType = sourcecode.c.objc; path = ImportOC.m; sourceTree = "<group>"; };
		F502C3A822EE956000E99112 /* TKARViewController.swift */ = {isa = PBXFileReference; fileEncoding = 4; lastKnownFileType = sourcecode.swift; path = TKARViewController.swift; sourceTree = "<group>"; };
		F502C3A922EE956000E99112 /* ARPanorama.storyboard */ = {isa = PBXFileReference; fileEncoding = 4; lastKnownFileType = file.storyboard; path = ARPanorama.storyboard; sourceTree = "<group>"; };
		F502C3AA22EE956100E99112 /* ResourceManager.swift */ = {isa = PBXFileReference; fileEncoding = 4; lastKnownFileType = sourcecode.swift; path = ResourceManager.swift; sourceTree = "<group>"; };
		F502C3AB22EE956100E99112 /* DLARSCNView.swift */ = {isa = PBXFileReference; fileEncoding = 4; lastKnownFileType = sourcecode.swift; path = DLARSCNView.swift; sourceTree = "<group>"; };
		F502C3AC22EE956100E99112 /* TKPanoramaSelectViewController.swift */ = {isa = PBXFileReference; fileEncoding = 4; lastKnownFileType = sourcecode.swift; path = TKPanoramaSelectViewController.swift; sourceTree = "<group>"; };
		F502C3AD22EE956100E99112 /* TKMacro.swift */ = {isa = PBXFileReference; fileEncoding = 4; lastKnownFileType = sourcecode.swift; path = TKMacro.swift; sourceTree = "<group>"; };
		F502C3AE22EE956200E99112 /* ResourceConfiguration.swift */ = {isa = PBXFileReference; fileEncoding = 4; lastKnownFileType = sourcecode.swift; path = ResourceConfiguration.swift; sourceTree = "<group>"; };
		F502C3B622EE965E00E99112 /* 往后余生.mp3 */ = {isa = PBXFileReference; lastKnownFileType = audio.mp3; path = "往后余生.mp3"; sourceTree = "<group>"; };
		F52A269122ACD537000785D4 /* SetViewController.swift */ = {isa = PBXFileReference; lastKnownFileType = sourcecode.swift; path = SetViewController.swift; sourceTree = "<group>"; };
		F52A269322ACD544000785D4 /* TrashViewController.swift */ = {isa = PBXFileReference; lastKnownFileType = sourcecode.swift; path = TrashViewController.swift; sourceTree = "<group>"; };
		F5303D4A22A8D2AD0060EACE /* Const.swift */ = {isa = PBXFileReference; lastKnownFileType = sourcecode.swift; path = Const.swift; sourceTree = "<group>"; };
		F5303D4C22A8D2C70060EACE /* Extension.swift */ = {isa = PBXFileReference; lastKnownFileType = sourcecode.swift; path = Extension.swift; sourceTree = "<group>"; };
		F5303D4E22A8D3B60060EACE /* CFBasicContentView.swift */ = {isa = PBXFileReference; lastKnownFileType = sourcecode.swift; path = CFBasicContentView.swift; sourceTree = "<group>"; };
		F5303D5022A8D4B60060EACE /* CFHomeViewController.swift */ = {isa = PBXFileReference; lastKnownFileType = sourcecode.swift; path = CFHomeViewController.swift; sourceTree = "<group>"; };
		F5303D5222A8D4C20060EACE /* CFDiaryViewController.swift */ = {isa = PBXFileReference; lastKnownFileType = sourcecode.swift; path = CFDiaryViewController.swift; sourceTree = "<group>"; };
		F5303D5422A8D4CE0060EACE /* CFAlbumViewController.swift */ = {isa = PBXFileReference; lastKnownFileType = sourcecode.swift; path = CFAlbumViewController.swift; sourceTree = "<group>"; };
		F5303D5622A8D4D80060EACE /* CFMineViewController.swift */ = {isa = PBXFileReference; lastKnownFileType = sourcecode.swift; path = CFMineViewController.swift; sourceTree = "<group>"; };
		F5303D5822A8E2B00060EACE /* CFMineCell.swift */ = {isa = PBXFileReference; lastKnownFileType = sourcecode.swift; path = CFMineCell.swift; sourceTree = "<group>"; };
		F5303D5922A8E2B00060EACE /* CFMineCell.xib */ = {isa = PBXFileReference; lastKnownFileType = file.xib; path = CFMineCell.xib; sourceTree = "<group>"; };
		F536AAC222B10EC100F9853B /* EmotionChartController.swift */ = {isa = PBXFileReference; lastKnownFileType = sourcecode.swift; path = EmotionChartController.swift; sourceTree = "<group>"; };
		F536AAC422B1152400F9853B /* emotionChartCell.swift */ = {isa = PBXFileReference; lastKnownFileType = sourcecode.swift; path = emotionChartCell.swift; sourceTree = "<group>"; };
		F536AAE422B1273B00F9853B /* emotionChartModel.swift */ = {isa = PBXFileReference; lastKnownFileType = sourcecode.swift; path = emotionChartModel.swift; sourceTree = "<group>"; };
		F54A1D1022A90638005836B3 /* diaryModel.swift */ = {isa = PBXFileReference; lastKnownFileType = sourcecode.swift; path = diaryModel.swift; sourceTree = "<group>"; };
		F54A1D1222A9064A005836B3 /* diaryCell.swift */ = {isa = PBXFileReference; lastKnownFileType = sourcecode.swift; path = diaryCell.swift; sourceTree = "<group>"; };
		F54A1D1422A93422005836B3 /* emotionCell.swift */ = {isa = PBXFileReference; lastKnownFileType = sourcecode.swift; name = emotionCell.swift; path = ../../../OldCoding/Cell/diaryTwoCell/emotionCell.swift; sourceTree = "<group>"; };
		F54A1D1522A93422005836B3 /* emotionCell.xib */ = {isa = PBXFileReference; lastKnownFileType = file.xib; name = emotionCell.xib; path = ../../../OldCoding/Cell/diaryTwoCell/emotionCell.xib; sourceTree = "<group>"; };
		F54A1D1A22A93A64005836B3 /* diaryWriteCell.swift */ = {isa = PBXFileReference; lastKnownFileType = sourcecode.swift; path = diaryWriteCell.swift; sourceTree = "<group>"; };
		F54A1D1C22A9428C005836B3 /* writeCell.swift */ = {isa = PBXFileReference; lastKnownFileType = sourcecode.swift; name = writeCell.swift; path = ../../../OldCoding/Cell/diaryTwoCell/writeCell.swift; sourceTree = "<group>"; };
		F54A1D1D22A9428C005836B3 /* writeCell.xib */ = {isa = PBXFileReference; lastKnownFileType = file.xib; name = writeCell.xib; path = ../../../OldCoding/Cell/diaryTwoCell/writeCell.xib; sourceTree = "<group>"; };
		F550784222EAEE3A00CC6F7B /* Kingfisher.framework */ = {isa = PBXFileReference; explicitFileType = wrapper.framework; path = Kingfisher.framework; sourceTree = BUILT_PRODUCTS_DIR; };
		F55C10D122AB3E4A0036BE31 /* homeHeadCell.swift */ = {isa = PBXFileReference; lastKnownFileType = sourcecode.swift; path = homeHeadCell.swift; sourceTree = "<group>"; };
		F55C10D322AB3E710036BE31 /* homeRecommendCell.swift */ = {isa = PBXFileReference; lastKnownFileType = sourcecode.swift; path = homeRecommendCell.swift; sourceTree = "<group>"; };
		F55C10D522AB4FDC0036BE31 /* albumCell.swift */ = {isa = PBXFileReference; lastKnownFileType = sourcecode.swift; path = albumCell.swift; sourceTree = "<group>"; };
		F55C10D722AB52490036BE31 /* albumTwoCell.swift */ = {isa = PBXFileReference; lastKnownFileType = sourcecode.swift; path = albumTwoCell.swift; sourceTree = "<group>"; };
		F55C10D822AB52490036BE31 /* albumTwoCell.xib */ = {isa = PBXFileReference; lastKnownFileType = file.xib; path = albumTwoCell.xib; sourceTree = "<group>"; };
		F56C2E0322AA5CFA00BCFA11 /* showDiaryController.swift */ = {isa = PBXFileReference; lastKnownFileType = sourcecode.swift; path = showDiaryController.swift; sourceTree = "<group>"; };
		F56C2E0522AA6B2E00BCFA11 /* MainNavigationController.swift */ = {isa = PBXFileReference; lastKnownFileType = sourcecode.swift; path = MainNavigationController.swift; sourceTree = "<group>"; };
		F56C2E0722AA720A00BCFA11 /* showHeadCell.swift */ = {isa = PBXFileReference; lastKnownFileType = sourcecode.swift; path = showHeadCell.swift; sourceTree = "<group>"; };
		F56C2E0922AA811200BCFA11 /* showBodyCell.swift */ = {isa = PBXFileReference; lastKnownFileType = sourcecode.swift; path = showBodyCell.swift; sourceTree = "<group>"; };
		F56C2E0B22AA82D600BCFA11 /* nowModel.swift */ = {isa = PBXFileReference; lastKnownFileType = sourcecode.swift; path = nowModel.swift; sourceTree = "<group>"; };
		F588699E22E951BC0047BEF5 /* AlbumMoreViewController.swift */ = {isa = PBXFileReference; lastKnownFileType = sourcecode.swift; path = AlbumMoreViewController.swift; sourceTree = "<group>"; };
		F588699F22E951BC0047BEF5 /* AlbumMoreViewController.xib */ = {isa = PBXFileReference; lastKnownFileType = file.xib; path = AlbumMoreViewController.xib; sourceTree = "<group>"; };
		F58869B722E98CEB0047BEF5 /* CFBaseViewController.swift */ = {isa = PBXFileReference; lastKnownFileType = sourcecode.swift; path = CFBaseViewController.swift; sourceTree = "<group>"; };
		F58869B922E98EAB0047BEF5 /* CFHomeController.swift */ = {isa = PBXFileReference; lastKnownFileType = sourcecode.swift; path = CFHomeController.swift; sourceTree = "<group>"; };
		F58869BB22E991770047BEF5 /* CFMineController.swift */ = {isa = PBXFileReference; lastKnownFileType = sourcecode.swift; path = CFMineController.swift; sourceTree = "<group>"; };
		F58869C122E9930E0047BEF5 /* CFMineViewModel.swift */ = {isa = PBXFileReference; lastKnownFileType = sourcecode.swift; path = CFMineViewModel.swift; sourceTree = "<group>"; };
		F58869C322E993580047BEF5 /* CFMineModel.swift */ = {isa = PBXFileReference; lastKnownFileType = sourcecode.swift; path = CFMineModel.swift; sourceTree = "<group>"; };
		F58869CB22E99E280047BEF5 /* mine.json */ = {isa = PBXFileReference; fileEncoding = 4; lastKnownFileType = text.json; path = mine.json; sourceTree = "<group>"; };
		F59FC05B22F16B37008F5019 /* PageChartCell.swift */ = {isa = PBXFileReference; lastKnownFileType = sourcecode.swift; path = PageChartCell.swift; sourceTree = "<group>"; };
		F5A5B2DC22BB359A003BBF5D /* DwriteDiaryCell.swift */ = {isa = PBXFileReference; lastKnownFileType = sourcecode.swift; path = DwriteDiaryCell.swift; sourceTree = "<group>"; };
		F5A5B2DE22BB385A003BBF5D /* DiaryViewModel.swift */ = {isa = PBXFileReference; lastKnownFileType = sourcecode.swift; path = DiaryViewModel.swift; sourceTree = "<group>"; };
		F5A5C3B822B26C830060AA3E /* Diary.swift */ = {isa = PBXFileReference; lastKnownFileType = sourcecode.swift; path = Diary.swift; sourceTree = "<group>"; };
		F5AC532422AA0289008A78E2 /* diaryWriteController.swift */ = {isa = PBXFileReference; lastKnownFileType = sourcecode.swift; path = diaryWriteController.swift; sourceTree = "<group>"; };
		F5AC532922AA07A7008A78E2 /* writeDiaryCell.swift */ = {isa = PBXFileReference; lastKnownFileType = sourcecode.swift; path = writeDiaryCell.swift; sourceTree = "<group>"; };
		F5AC532B22AA136D008A78E2 /* diaryPhotoCell.swift */ = {isa = PBXFileReference; lastKnownFileType = sourcecode.swift; path = diaryPhotoCell.swift; sourceTree = "<group>"; };
		F5AC532C22AA136D008A78E2 /* diaryPhotoCell.xib */ = {isa = PBXFileReference; lastKnownFileType = file.xib; path = diaryPhotoCell.xib; sourceTree = "<group>"; };
		F5C4091422EED25C004DE68A /* DayEmotionController.swift */ = {isa = PBXFileReference; lastKnownFileType = sourcecode.swift; path = DayEmotionController.swift; sourceTree = "<group>"; };
		F5C4091622EED267004DE68A /* WeekEmotionController.swift */ = {isa = PBXFileReference; lastKnownFileType = sourcecode.swift; path = WeekEmotionController.swift; sourceTree = "<group>"; };
		F5C4091822EED276004DE68A /* MouthEmotionController.swift */ = {isa = PBXFileReference; lastKnownFileType = sourcecode.swift; path = MouthEmotionController.swift; sourceTree = "<group>"; };
		F5C4091A22EED287004DE68A /* YearEmotionController.swift */ = {isa = PBXFileReference; lastKnownFileType = sourcecode.swift; path = YearEmotionController.swift; sourceTree = "<group>"; };
		F5C4091C22EED74F004DE68A /* CoustDNSPageView.swift */ = {isa = PBXFileReference; lastKnownFileType = sourcecode.swift; path = CoustDNSPageView.swift; sourceTree = "<group>"; };
		F5C7738122B08C3A0087520B /* LoginViewController.swift */ = {isa = PBXFileReference; lastKnownFileType = sourcecode.swift; path = LoginViewController.swift; sourceTree = "<group>"; };
		F5C7738222B08C3A0087520B /* LoginViewController.xib */ = {isa = PBXFileReference; lastKnownFileType = file.xib; path = LoginViewController.xib; sourceTree = "<group>"; };
		F5C7738522B090F70087520B /* RegisterViewController.swift */ = {isa = PBXFileReference; lastKnownFileType = sourcecode.swift; path = RegisterViewController.swift; sourceTree = "<group>"; };
		F5C7738622B090F70087520B /* RegisterViewController.xib */ = {isa = PBXFileReference; lastKnownFileType = file.xib; path = RegisterViewController.xib; sourceTree = "<group>"; };
		F5C7738922B091D90087520B /* AboutViewController.swift */ = {isa = PBXFileReference; lastKnownFileType = sourcecode.swift; path = AboutViewController.swift; sourceTree = "<group>"; };
		F5C7738A22B091D90087520B /* AboutViewController.xib */ = {isa = PBXFileReference; lastKnownFileType = file.xib; path = AboutViewController.xib; sourceTree = "<group>"; };
		F5C7738E22B092240087520B /* CutUserViewController.swift */ = {isa = PBXFileReference; lastKnownFileType = sourcecode.swift; path = CutUserViewController.swift; sourceTree = "<group>"; };
		F5C7738F22B092240087520B /* CutUserViewController.xib */ = {isa = PBXFileReference; lastKnownFileType = file.xib; path = CutUserViewController.xib; sourceTree = "<group>"; };
		F5C7739422B092500087520B /* FacebackViewController.swift */ = {isa = PBXFileReference; lastKnownFileType = sourcecode.swift; path = FacebackViewController.swift; sourceTree = "<group>"; };
		F5C7739522B092500087520B /* FacebackViewController.xib */ = {isa = PBXFileReference; lastKnownFileType = file.xib; path = FacebackViewController.xib; sourceTree = "<group>"; };
		F5C7739922B0927D0087520B /* AlterUserNameController.swift */ = {isa = PBXFileReference; lastKnownFileType = sourcecode.swift; path = AlterUserNameController.swift; sourceTree = "<group>"; };
		F5C7739A22B0927D0087520B /* AlterUserNameController.xib */ = {isa = PBXFileReference; lastKnownFileType = file.xib; path = AlterUserNameController.xib; sourceTree = "<group>"; };
		F5C8D40222EA900E002215F4 /* MineChartCell.swift */ = {isa = PBXFileReference; lastKnownFileType = sourcecode.swift; path = MineChartCell.swift; sourceTree = "<group>"; };
		F5D28D5522BB1921008CA4D2 /* DiaryViewController.swift */ = {isa = PBXFileReference; lastKnownFileType = sourcecode.swift; path = DiaryViewController.swift; sourceTree = "<group>"; };
		F5D28D5D22BB1D45008CA4D2 /* DsearchCell.swift */ = {isa = PBXFileReference; lastKnownFileType = sourcecode.swift; path = DsearchCell.swift; sourceTree = "<group>"; };
		F5D28D6022BB1DD8008CA4D2 /* DshowDiaryCell.swift */ = {isa = PBXFileReference; lastKnownFileType = sourcecode.swift; path = DshowDiaryCell.swift; sourceTree = "<group>"; };
		F5D9752122A3B36E0014BE15 /* CareFree.app */ = {isa = PBXFileReference; explicitFileType = wrapper.application; includeInIndex = 0; path = CareFree.app; sourceTree = BUILT_PRODUCTS_DIR; };
		F5D9752422A3B36E0014BE15 /* AppDelegate.swift */ = {isa = PBXFileReference; lastKnownFileType = sourcecode.swift; path = AppDelegate.swift; sourceTree = "<group>"; };
		F5D9752622A3B36E0014BE15 /* ViewController.swift */ = {isa = PBXFileReference; lastKnownFileType = sourcecode.swift; path = ViewController.swift; sourceTree = "<group>"; };
		F5D9752922A3B36E0014BE15 /* Base */ = {isa = PBXFileReference; lastKnownFileType = file.storyboard; name = Base; path = Base.lproj/Main.storyboard; sourceTree = "<group>"; };
		F5D9752B22A3B3700014BE15 /* Assets.xcassets */ = {isa = PBXFileReference; lastKnownFileType = folder.assetcatalog; path = Assets.xcassets; sourceTree = "<group>"; };
		F5D9752E22A3B3700014BE15 /* Base */ = {isa = PBXFileReference; lastKnownFileType = file.storyboard; name = Base; path = Base.lproj/LaunchScreen.storyboard; sourceTree = "<group>"; };
		F5D9753022A3B3700014BE15 /* Info.plist */ = {isa = PBXFileReference; lastKnownFileType = text.plist.xml; path = Info.plist; sourceTree = "<group>"; };
		F5EEED0922AFDC9500C84E9B /* setCell.swift */ = {isa = PBXFileReference; lastKnownFileType = sourcecode.swift; path = setCell.swift; sourceTree = "<group>"; };
		F5EEED0B22AFE71400C84E9B /* setModel.swift */ = {isa = PBXFileReference; lastKnownFileType = sourcecode.swift; path = setModel.swift; sourceTree = "<group>"; };
		F5FCFA6022AE85CB00C7B8A0 /* MineCell.swift */ = {isa = PBXFileReference; lastKnownFileType = sourcecode.swift; name = MineCell.swift; path = ../../../CareFree/Mine/MineCell.swift; sourceTree = "<group>"; };
/* End PBXFileReference section */

/* Begin PBXFrameworksBuildPhase section */
		F5D9751E22A3B36E0014BE15 /* Frameworks */ = {
			isa = PBXFrameworksBuildPhase;
			buildActionMask = 2147483647;
			files = (
				25E3582422DEEDD80063AA9E /* Alamofire.framework in Frameworks */,
				25E3582622DEEDD80063AA9E /* BSGridCollectionViewLayout.framework in Frameworks */,
				25E3582822DEEDD80063AA9E /* BSImagePicker.framework in Frameworks */,
				25E3582A22DEEDD80063AA9E /* BSImageView.framework in Frameworks */,
				25E3582C22DEEDD80063AA9E /* CollectionKit.framework in Frameworks */,
				25E3582E22DEEDD80063AA9E /* EachNavigationBar.framework in Frameworks */,
				25E3583022DEEDD80063AA9E /* ESTabBarController_swift.framework in Frameworks */,
				25E3583222DEEDD80063AA9E /* HandyJSON.framework in Frameworks */,
				25E3583422DEEDD80063AA9E /* Lottie.framework in Frameworks */,
				25E3583622DEEDD80063AA9E /* MJRefresh.framework in Frameworks */,
				25E3583822DEEDD80063AA9E /* Pods_CareFree.framework in Frameworks */,
				25E3583A22DEEDD80063AA9E /* ProgressHUD.framework in Frameworks */,
				25E3583C22DEEDD80063AA9E /* Realm.framework in Frameworks */,
				25E3583E22DEEDD80063AA9E /* RealmSwift.framework in Frameworks */,
				25E3584022DEEDD80063AA9E /* RxRealm.framework in Frameworks */,
				25E3584222DEEDD80063AA9E /* RxSwift.framework in Frameworks */,
				25E3584422DEEDD80063AA9E /* SideMenu.framework in Frameworks */,
				25E3584622DEEDD80063AA9E /* SnapKit.framework in Frameworks */,
				25E3584822DEEDD80063AA9E /* SwiftyJSON.framework in Frameworks */,
				25E3584A22DEEDD80063AA9E /* YetAnotherAnimationLibrary.framework in Frameworks */,
			);
			runOnlyForDeploymentPostprocessing = 0;
		};
/* End PBXFrameworksBuildPhase section */

/* Begin PBXGroup section */
		198E68254BFD076888BF7F91 /* Frameworks */ = {
			isa = PBXGroup;
			children = (
				F550784222EAEE3A00CC6F7B /* Kingfisher.framework */,
				25E3582322DEEDD80063AA9E /* Alamofire.framework */,
				25E3582522DEEDD80063AA9E /* BSGridCollectionViewLayout.framework */,
				25E3582722DEEDD80063AA9E /* BSImagePicker.framework */,
				25E3582922DEEDD80063AA9E /* BSImageView.framework */,
				25E3582B22DEEDD80063AA9E /* CollectionKit.framework */,
				25E3582D22DEEDD80063AA9E /* EachNavigationBar.framework */,
				25E3582F22DEEDD80063AA9E /* ESTabBarController_swift.framework */,
				25E3583122DEEDD80063AA9E /* HandyJSON.framework */,
				25E3583322DEEDD80063AA9E /* Lottie.framework */,
				25E3583522DEEDD80063AA9E /* MJRefresh.framework */,
				25E3583722DEEDD80063AA9E /* Pods_CareFree.framework */,
				25E3583922DEEDD80063AA9E /* ProgressHUD.framework */,
				25E3583B22DEEDD80063AA9E /* Realm.framework */,
				25E3583D22DEEDD80063AA9E /* RealmSwift.framework */,
				25E3583F22DEEDD80063AA9E /* RxRealm.framework */,
				25E3584122DEEDD80063AA9E /* RxSwift.framework */,
				25E3584322DEEDD80063AA9E /* SideMenu.framework */,
				25E3584522DEEDD80063AA9E /* SnapKit.framework */,
				25E3584722DEEDD80063AA9E /* SwiftyJSON.framework */,
				25E3584922DEEDD80063AA9E /* YetAnotherAnimationLibrary.framework */,
				B8CCC6817D8AE2AE7C00048E /* Pods_CareFree.framework */,
			);
			name = Frameworks;
			sourceTree = "<group>";
		};
		250DDCFC22ED28E4001C765B /* API */ = {
			isa = PBXGroup;
			children = (
				250DDD0422ED2939001C765B /* diary_now.json */,
				250DDD0222ED2935001C765B /* diary_today.json */,
			);
			path = API;
			sourceTree = "<group>";
		};
		250DDCFF22ED290B001C765B /* View */ = {
			isa = PBXGroup;
			children = (
			);
			path = View;
			sourceTree = "<group>";
		};
		250DDD0022ED2915001C765B /* Model */ = {
			isa = PBXGroup;
			children = (
				250DDD0622ED2B56001C765B /* DiaryModel.swift */,
			);
			path = Model;
			sourceTree = "<group>";
		};
		250DDD0122ED291A001C765B /* ViewModel */ = {
			isa = PBXGroup;
			children = (
			);
			path = ViewModel;
			sourceTree = "<group>";
		};
		251215A922E061F30025CFD9 /* Model */ = {
			isa = PBXGroup;
			children = (
				251215AA22E062010025CFD9 /* MyModel.swift */,
			);
			path = Model;
			sourceTree = "<group>";
		};
		25EBFE3522E14E810055B7C2 /* Third */ = {
			isa = PBXGroup;
			children = (
				25EBFE3622E14E8D0055B7C2 /* YQCircleProgressView.swift */,
			);
			path = Third;
			sourceTree = "<group>";
		};
		25EBFE3822E15A600055B7C2 /* Recommend */ = {
			isa = PBXGroup;
			children = (
				25EBFE3B22E16B000055B7C2 /* RecommendController.swift */,
				25EBFE4422E189160055B7C2 /* ViewModel */,
				25EBFE4322E189110055B7C2 /* Model */,
				25EBFE4222E189080055B7C2 /* View */,
				25EBFE4122E189000055B7C2 /* API */,
				25EBFE5122E19B680055B7C2 /* RCViewController.swift */,
				25EBFE5222E19B680055B7C2 /* RCViewController.xib */,
			);
			path = Recommend;
			sourceTree = "<group>";
		};
		25EBFE4022E1706E0055B7C2 /* EmotionChart */ = {
			isa = PBXGroup;
			children = (
				F59FC05A22F16B0D008F5019 /* ChartCell */,
				F5C4091322EED131004DE68A /* EmotionPage */,
				F536AAC222B10EC100F9853B /* EmotionChartController.swift */,
			);
			path = EmotionChart;
			sourceTree = "<group>";
		};
		25EBFE4122E189000055B7C2 /* API */ = {
			isa = PBXGroup;
			children = (
			);
			path = API;
			sourceTree = "<group>";
		};
		25EBFE4222E189080055B7C2 /* View */ = {
			isa = PBXGroup;
			children = (
				25EBFE4822E190360055B7C2 /* Recommend - 图书 */,
				25EBFE4522E18D290055B7C2 /* Recommend - 头部视图 */,
			);
			path = View;
			sourceTree = "<group>";
		};
		25EBFE4322E189110055B7C2 /* Model */ = {
			isa = PBXGroup;
			children = (
				25EBFE4D22E1924B0055B7C2 /* BookModel.swift */,
			);
			path = Model;
			sourceTree = "<group>";
		};
		25EBFE4422E189160055B7C2 /* ViewModel */ = {
			isa = PBXGroup;
			children = (
			);
			path = ViewModel;
			sourceTree = "<group>";
		};
		25EBFE4522E18D290055B7C2 /* Recommend - 头部视图 */ = {
			isa = PBXGroup;
			children = (
				25EBFE4622E18D650055B7C2 /* RecommendHeaderView.swift */,
			);
			path = "Recommend - 头部视图";
			sourceTree = "<group>";
		};
		25EBFE4822E190360055B7C2 /* Recommend - 图书 */ = {
			isa = PBXGroup;
			children = (
				25EBFE4B22E190E50055B7C2 /* RecommendBookCell.swift */,
				25EBFE4F22E193090055B7C2 /* BookCell.swift */,
			);
			path = "Recommend - 图书";
			sourceTree = "<group>";
		};
		25FE25EA22DF02AE00FAE883 /* CareFree */ = {
			isa = PBXGroup;
			children = (
				F5303D4722A8D15E0060EACE /* Home */,
				F5303D4622A8D1520060EACE /* Diary */,
				F5303D4522A8D10E0060EACE /* Album */,
				F5303D4422A8D1080060EACE /* Mine */,
			);
			path = CareFree;
			sourceTree = "<group>";
		};
		B313FB6038FAD5D0BD076931 /* Pods */ = {
			isa = PBXGroup;
			children = (
				0AC6F29334E319B68CC1EE99 /* Pods-CareFree.debug.xcconfig */,
				7F85E82E5540FEAE07E10186 /* Pods-CareFree.release.xcconfig */,
				AB56F75EB18873700726BCC1 /* Pods-CareFree.debug.xcconfig */,
				D61990A36297C6554824A5D1 /* Pods-CareFree.release.xcconfig */,
			);
			path = Pods;
			sourceTree = "<group>";
		};
		F502C3A522EE952700E99112 /* AR */ = {
			isa = PBXGroup;
			children = (
				F502C3A922EE956000E99112 /* ARPanorama.storyboard */,
				F502C3AC22EE956100E99112 /* TKPanoramaSelectViewController.swift */,
				F502C3A822EE956000E99112 /* TKARViewController.swift */,
				F502C3AB22EE956100E99112 /* DLARSCNView.swift */,
				F502C3AE22EE956200E99112 /* ResourceConfiguration.swift */,
				F502C3AA22EE956100E99112 /* ResourceManager.swift */,
				F502C3AD22EE956100E99112 /* TKMacro.swift */,
				F502C3A622EE955700E99112 /* ImportOC.m */,
			);
			path = AR;
			sourceTree = "<group>";
		};
		F5303D4422A8D1080060EACE /* Mine */ = {
			isa = PBXGroup;
			children = (
				F5303D5622A8D4D80060EACE /* CFMineViewController.swift */,
				251215A922E061F30025CFD9 /* Model */,
				F5C7739D22B0C11D0087520B /* Trash */,
				F5EEED0822AFDBBD00C84E9B /* Set */,
				F54A1D0F22A90427005836B3 /* Cell */,
			);
			path = Mine;
			sourceTree = "<group>";
		};
		F5303D4522A8D10E0060EACE /* Album */ = {
			isa = PBXGroup;
			children = (
				F588699D22E950FF0047BEF5 /* AlbumMore */,
				F5303D5422A8D4CE0060EACE /* CFAlbumViewController.swift */,
				F55C10D522AB4FDC0036BE31 /* albumCell.swift */,
				F55C10D722AB52490036BE31 /* albumTwoCell.swift */,
				F55C10D822AB52490036BE31 /* albumTwoCell.xib */,
				F502C39522EE865700E99112 /* AlbumDetialController.swift */,
				F502C39722EE8C4000E99112 /* HappyAlbumController.swift */,
				F502C39922EE909C00E99112 /* CalmViewController.swift */,
				F502C39A22EE909C00E99112 /* CalmViewController.xib */,
				F502C39D22EE91C000E99112 /* SoSadViewController.swift */,
				F502C39E22EE91C000E99112 /* SoSadViewController.xib */,
				F502C3A122EE93BA00E99112 /* SadViewController.swift */,
				F502C3A222EE93BA00E99112 /* SadViewController.xib */,
			);
			path = Album;
			sourceTree = "<group>";
		};
		F5303D4622A8D1520060EACE /* Diary */ = {
			isa = PBXGroup;
			children = (
				F5D28D5422BB1905008CA4D2 /* Diary - 日记 */,
				F5D28D5322BB18F0008CA4D2 /* OldCoding */,
			);
			path = Diary;
			sourceTree = "<group>";
		};
		F5303D4722A8D15E0060EACE /* Home */ = {
			isa = PBXGroup;
			children = (
				25EBFE4022E1706E0055B7C2 /* EmotionChart */,
				25EBFE3822E15A600055B7C2 /* Recommend */,
				F5303D5022A8D4B60060EACE /* CFHomeViewController.swift */,
				F55C10D122AB3E4A0036BE31 /* homeHeadCell.swift */,
				F55C10D322AB3E710036BE31 /* homeRecommendCell.swift */,
				F536AAC422B1152400F9853B /* emotionChartCell.swift */,
				F536AAE422B1273B00F9853B /* emotionChartModel.swift */,
			);
			path = Home;
			sourceTree = "<group>";
		};
		F5303D4822A8D1620060EACE /* Extension+Cosnt */ = {
			isa = PBXGroup;
			children = (
				F5303D4A22A8D2AD0060EACE /* Const.swift */,
				F5303D4C22A8D2C70060EACE /* Extension.swift */,
			);
			path = "Extension+Cosnt";
			sourceTree = "<group>";
		};
		F5303D4922A8D1730060EACE /* Main */ = {
			isa = PBXGroup;
			children = (
				F5C7738022B08C230087520B /* Register */,
				F5C7737F22B08C130087520B /* Login */,
				F5303D4E22A8D3B60060EACE /* CFBasicContentView.swift */,
				F56C2E0522AA6B2E00BCFA11 /* MainNavigationController.swift */,
			);
			path = Main;
			sourceTree = "<group>";
		};
		F54A1D0F22A90427005836B3 /* Cell */ = {
			isa = PBXGroup;
			children = (
				F5303D5822A8E2B00060EACE /* CFMineCell.swift */,
				F5303D5922A8E2B00060EACE /* CFMineCell.xib */,
			);
			path = Cell;
			sourceTree = "<group>";
		};
		F54A1D1822A939E5005836B3 /* Cell */ = {
			isa = PBXGroup;
			children = (
				F54A1D1222A9064A005836B3 /* diaryCell.swift */,
				F54A1D1922A93A27005836B3 /* diaryTwoCell */,
				F54A1D1A22A93A64005836B3 /* diaryWriteCell.swift */,
			);
			path = Cell;
			sourceTree = "<group>";
		};
		F54A1D1922A93A27005836B3 /* diaryTwoCell */ = {
			isa = PBXGroup;
			children = (
			);
			path = diaryTwoCell;
			sourceTree = "<group>";
		};
		F56C2E0222AA5CA300BCFA11 /* writeCell */ = {
			isa = PBXGroup;
			children = (
				F5AC532922AA07A7008A78E2 /* writeDiaryCell.swift */,
				F5AC532B22AA136D008A78E2 /* diaryPhotoCell.swift */,
				F5AC532C22AA136D008A78E2 /* diaryPhotoCell.xib */,
			);
			path = writeCell;
			sourceTree = "<group>";
		};
		F588699D22E950FF0047BEF5 /* AlbumMore */ = {
			isa = PBXGroup;
			children = (
				F588699E22E951BC0047BEF5 /* AlbumMoreViewController.swift */,
				F588699F22E951BC0047BEF5 /* AlbumMoreViewController.xib */,
			);
			path = AlbumMore;
			sourceTree = "<group>";
		};
		F58869AF22E98C690047BEF5 /* CareFreeApp */ = {
			isa = PBXGroup;
			children = (
				F502C3A522EE952700E99112 /* AR */,
				F58869B622E98C970047BEF5 /* Base */,
				F58869B422E98C8A0047BEF5 /* Home */,
				F58869B322E98C840047BEF5 /* Diary */,
				F58869B222E98C7F0047BEF5 /* Album */,
				F58869B122E98C790047BEF5 /* Mine */,
			);
			path = CareFreeApp;
			sourceTree = "<group>";
		};
		F58869B122E98C790047BEF5 /* Mine */ = {
			isa = PBXGroup;
			children = (
				F58869BB22E991770047BEF5 /* CFMineController.swift */,
				F58869C022E992BC0047BEF5 /* ViewModel */,
				F58869BF22E992B80047BEF5 /* Model */,
				F58869BE22E992B20047BEF5 /* View */,
				F58869BD22E992740047BEF5 /* API */,
			);
			path = Mine;
			sourceTree = "<group>";
		};
		F58869B222E98C7F0047BEF5 /* Album */ = {
			isa = PBXGroup;
			children = (
			);
			path = Album;
			sourceTree = "<group>";
		};
		F58869B322E98C840047BEF5 /* Diary */ = {
			isa = PBXGroup;
			children = (
				250DDCFD22ED2907001C765B /* CFDiaryController.swift */,
				250DDD0122ED291A001C765B /* ViewModel */,
				250DDD0022ED2915001C765B /* Model */,
				250DDCFF22ED290B001C765B /* View */,
				250DDCFC22ED28E4001C765B /* API */,
			);
			path = Diary;
			sourceTree = "<group>";
		};
		F58869B422E98C8A0047BEF5 /* Home */ = {
			isa = PBXGroup;
			children = (
				F59FC08022F173F0008F5019 /* API */,
				F58869B922E98EAB0047BEF5 /* CFHomeController.swift */,
			);
			path = Home;
			sourceTree = "<group>";
		};
		F58869B622E98C970047BEF5 /* Base */ = {
			isa = PBXGroup;
			children = (
				F58869B722E98CEB0047BEF5 /* CFBaseViewController.swift */,
			);
			path = Base;
			sourceTree = "<group>";
		};
		F58869BD22E992740047BEF5 /* API */ = {
			isa = PBXGroup;
			children = (
				F58869CB22E99E280047BEF5 /* mine.json */,
			);
			path = API;
			sourceTree = "<group>";
		};
		F58869BE22E992B20047BEF5 /* View */ = {
			isa = PBXGroup;
			children = (
				F5C8D40222EA900E002215F4 /* MineChartCell.swift */,
				F5FCFA6022AE85CB00C7B8A0 /* MineCell.swift */,
			);
			path = View;
			sourceTree = "<group>";
		};
		F58869BF22E992B80047BEF5 /* Model */ = {
			isa = PBXGroup;
			children = (
				F58869C322E993580047BEF5 /* CFMineModel.swift */,
			);
			path = Model;
			sourceTree = "<group>";
		};
		F58869C022E992BC0047BEF5 /* ViewModel */ = {
			isa = PBXGroup;
			children = (
				F58869C122E9930E0047BEF5 /* CFMineViewModel.swift */,
			);
			path = ViewModel;
			sourceTree = "<group>";
		};
		F59FC05A22F16B0D008F5019 /* ChartCell */ = {
			isa = PBXGroup;
			children = (
				F59FC05B22F16B37008F5019 /* PageChartCell.swift */,
			);
			path = ChartCell;
			sourceTree = "<group>";
		};
		F59FC08022F173F0008F5019 /* API */ = {
			isa = PBXGroup;
			children = (
			);
			path = API;
			sourceTree = "<group>";
		};
		F5A5B2DB22BB3578003BBF5D /* DshowDiaryCell - 日记归档 */ = {
			isa = PBXGroup;
			children = (
				F5D28D6022BB1DD8008CA4D2 /* DshowDiaryCell.swift */,
				F54A1D1422A93422005836B3 /* emotionCell.swift */,
				F54A1D1522A93422005836B3 /* emotionCell.xib */,
			);
			path = "DshowDiaryCell - 日记归档";
			sourceTree = "<group>";
		};
		F5A5B2E022BB63D9003BBF5D /* DiaryShow - 日记展示 */ = {
			isa = PBXGroup;
			children = (
				F56C2E0322AA5CFA00BCFA11 /* showDiaryController.swift */,
				F56C2E0722AA720A00BCFA11 /* showHeadCell.swift */,
				F56C2E0922AA811200BCFA11 /* showBodyCell.swift */,
			);
			path = "DiaryShow - 日记展示";
			sourceTree = "<group>";
		};
		F5A5B2E122BB66C2003BBF5D /* DiaryWrite - 日记记录 */ = {
			isa = PBXGroup;
			children = (
				F56C2E0222AA5CA300BCFA11 /* writeCell */,
				F5AC532422AA0289008A78E2 /* diaryWriteController.swift */,
			);
			path = "DiaryWrite - 日记记录";
			sourceTree = "<group>";
		};
		F5A5C3B722B26C5A0060AA3E /* DataBase */ = {
			isa = PBXGroup;
			children = (
				F5A5C3B822B26C830060AA3E /* Diary.swift */,
				251215A622E060E70025CFD9 /* UserDefaults.swift */,
			);
			path = DataBase;
			sourceTree = "<group>";
		};
		F5AC532822AA061E008A78E2 /* Model */ = {
			isa = PBXGroup;
			children = (
			);
			path = Model;
			sourceTree = "<group>";
		};
		F5C4091322EED131004DE68A /* EmotionPage */ = {
			isa = PBXGroup;
			children = (
				F5C4091422EED25C004DE68A /* DayEmotionController.swift */,
				F5C4091622EED267004DE68A /* WeekEmotionController.swift */,
				F5C4091822EED276004DE68A /* MouthEmotionController.swift */,
				F5C4091A22EED287004DE68A /* YearEmotionController.swift */,
				F5C4091C22EED74F004DE68A /* CoustDNSPageView.swift */,
			);
			path = EmotionPage;
			sourceTree = "<group>";
		};
		F5C7737F22B08C130087520B /* Login */ = {
			isa = PBXGroup;
			children = (
				F5C7738122B08C3A0087520B /* LoginViewController.swift */,
				F5C7738222B08C3A0087520B /* LoginViewController.xib */,
			);
			path = Login;
			sourceTree = "<group>";
		};
		F5C7738022B08C230087520B /* Register */ = {
			isa = PBXGroup;
			children = (
				F5C7738522B090F70087520B /* RegisterViewController.swift */,
				F5C7738622B090F70087520B /* RegisterViewController.xib */,
			);
			path = Register;
			sourceTree = "<group>";
		};
		F5C7738D22B092080087520B /* CutUser */ = {
			isa = PBXGroup;
			children = (
				F5C7738E22B092240087520B /* CutUserViewController.swift */,
				F5C7738F22B092240087520B /* CutUserViewController.xib */,
			);
			path = CutUser;
			sourceTree = "<group>";
		};
		F5C7739222B0922D0087520B /* About */ = {
			isa = PBXGroup;
			children = (
				F5C7738922B091D90087520B /* AboutViewController.swift */,
				F5C7738A22B091D90087520B /* AboutViewController.xib */,
			);
			path = About;
			sourceTree = "<group>";
		};
		F5C7739322B092380087520B /* Faceback */ = {
			isa = PBXGroup;
			children = (
				F5C7739422B092500087520B /* FacebackViewController.swift */,
				F5C7739522B092500087520B /* FacebackViewController.xib */,
			);
			path = Faceback;
			sourceTree = "<group>";
		};
		F5C7739822B0925B0087520B /* AlterUserName */ = {
			isa = PBXGroup;
			children = (
				F5C7739922B0927D0087520B /* AlterUserNameController.swift */,
				F5C7739A22B0927D0087520B /* AlterUserNameController.xib */,
			);
			path = AlterUserName;
			sourceTree = "<group>";
		};
		F5C7739D22B0C11D0087520B /* Trash */ = {
			isa = PBXGroup;
			children = (
				F52A269322ACD544000785D4 /* TrashViewController.swift */,
			);
			path = Trash;
			sourceTree = "<group>";
		};
		F5D28D5322BB18F0008CA4D2 /* OldCoding */ = {
			isa = PBXGroup;
			children = (
				F5303D5222A8D4C20060EACE /* CFDiaryViewController.swift */,
				F5AC532822AA061E008A78E2 /* Model */,
				F54A1D1822A939E5005836B3 /* Cell */,
			);
			path = OldCoding;
			sourceTree = "<group>";
		};
		F5D28D5422BB1905008CA4D2 /* Diary - 日记 */ = {
			isa = PBXGroup;
			children = (
				F5D28D5522BB1921008CA4D2 /* DiaryViewController.swift */,
				F5A5B2E122BB66C2003BBF5D /* DiaryWrite - 日记记录 */,
				F5A5B2E022BB63D9003BBF5D /* DiaryShow - 日记展示 */,
				F5D28D5B22BB1C87008CA4D2 /* Controllers */,
				F5D28D5A22BB1C7F008CA4D2 /* ViewModel */,
				F5D28D5922BB1C7A008CA4D2 /* Model */,
				F5D28D5822BB1C76008CA4D2 /* View */,
				F5D28D5722BB1C6F008CA4D2 /* API */,
			);
			path = "Diary - 日记";
			sourceTree = "<group>";
		};
		F5D28D5722BB1C6F008CA4D2 /* API */ = {
			isa = PBXGroup;
			children = (
			);
			path = API;
			sourceTree = "<group>";
		};
		F5D28D5822BB1C76008CA4D2 /* View */ = {
			isa = PBXGroup;
			children = (
				F5A5B2DB22BB3578003BBF5D /* DshowDiaryCell - 日记归档 */,
				F5D28D5F22BB1DA2008CA4D2 /* DwrteDiaryCell - 写日记 */,
				F5D28D5C22BB1CB7008CA4D2 /* DsearchCell - 顶部搜索 */,
			);
			path = View;
			sourceTree = "<group>";
		};
		F5D28D5922BB1C7A008CA4D2 /* Model */ = {
			isa = PBXGroup;
			children = (
				F56C2E0B22AA82D600BCFA11 /* nowModel.swift */,
				F54A1D1022A90638005836B3 /* diaryModel.swift */,
			);
			path = Model;
			sourceTree = "<group>";
		};
		F5D28D5A22BB1C7F008CA4D2 /* ViewModel */ = {
			isa = PBXGroup;
			children = (
				F5A5B2DE22BB385A003BBF5D /* DiaryViewModel.swift */,
			);
			path = ViewModel;
			sourceTree = "<group>";
		};
		F5D28D5B22BB1C87008CA4D2 /* Controllers */ = {
			isa = PBXGroup;
			children = (
			);
			path = Controllers;
			sourceTree = "<group>";
		};
		F5D28D5C22BB1CB7008CA4D2 /* DsearchCell - 顶部搜索 */ = {
			isa = PBXGroup;
			children = (
				F5D28D5D22BB1D45008CA4D2 /* DsearchCell.swift */,
			);
			path = "DsearchCell - 顶部搜索";
			sourceTree = "<group>";
		};
		F5D28D5F22BB1DA2008CA4D2 /* DwrteDiaryCell - 写日记 */ = {
			isa = PBXGroup;
			children = (
				F5A5B2DC22BB359A003BBF5D /* DwriteDiaryCell.swift */,
				F54A1D1C22A9428C005836B3 /* writeCell.swift */,
				F54A1D1D22A9428C005836B3 /* writeCell.xib */,
			);
			path = "DwrteDiaryCell - 写日记";
			sourceTree = "<group>";
		};
		F5D9751822A3B36E0014BE15 = {
			isa = PBXGroup;
			children = (
				F5D9752322A3B36E0014BE15 /* CareFree */,
				F5D9752222A3B36E0014BE15 /* Products */,
				B313FB6038FAD5D0BD076931 /* Pods */,
				198E68254BFD076888BF7F91 /* Frameworks */,
			);
			sourceTree = "<group>";
		};
		F5D9752222A3B36E0014BE15 /* Products */ = {
			isa = PBXGroup;
			children = (
				F5D9752122A3B36E0014BE15 /* CareFree.app */,
			);
			name = Products;
			sourceTree = "<group>";
		};
		F5D9752322A3B36E0014BE15 /* CareFree */ = {
			isa = PBXGroup;
			children = (
				F5D9752422A3B36E0014BE15 /* AppDelegate.swift */,
				F58869AF22E98C690047BEF5 /* CareFreeApp */,
				25FE25EA22DF02AE00FAE883 /* CareFree */,
				F5A5C3B722B26C5A0060AA3E /* DataBase */,
				F5303D4922A8D1730060EACE /* Main */,
				F5303D4822A8D1620060EACE /* Extension+Cosnt */,
				25EBFE3522E14E810055B7C2 /* Third */,
				F5D9752622A3B36E0014BE15 /* ViewController.swift */,
				F5D9752822A3B36E0014BE15 /* Main.storyboard */,
				F5D9752B22A3B3700014BE15 /* Assets.xcassets */,
				F5D9752D22A3B3700014BE15 /* LaunchScreen.storyboard */,
				F502C3B622EE965E00E99112 /* 往后余生.mp3 */,
				F5D9753022A3B3700014BE15 /* Info.plist */,
				25FE25E622DEFC4E00FAE883 /* CareFree-Bridging-Header.h */,
			);
			path = CareFree;
			sourceTree = "<group>";
		};
		F5EEED0822AFDBBD00C84E9B /* Set */ = {
			isa = PBXGroup;
			children = (
				F52A269122ACD537000785D4 /* SetViewController.swift */,
				F5EEED0922AFDC9500C84E9B /* setCell.swift */,
				F5EEED0B22AFE71400C84E9B /* setModel.swift */,
				F5C7739822B0925B0087520B /* AlterUserName */,
				F5C7739322B092380087520B /* Faceback */,
				F5C7739222B0922D0087520B /* About */,
				F5C7738D22B092080087520B /* CutUser */,
			);
			path = Set;
			sourceTree = "<group>";
		};
/* End PBXGroup section */

/* Begin PBXNativeTarget section */
		F5D9752022A3B36E0014BE15 /* CareFree */ = {
			isa = PBXNativeTarget;
			buildConfigurationList = F5D9753322A3B3700014BE15 /* Build configuration list for PBXNativeTarget "CareFree" */;
			buildPhases = (
				06A4F3634E49C554880C5364 /* [CP] Check Pods Manifest.lock */,
				F5D9751D22A3B36E0014BE15 /* Sources */,
				F5D9751E22A3B36E0014BE15 /* Frameworks */,
				F5D9751F22A3B36E0014BE15 /* Resources */,
				7041C65CDE430184C24CC7F6 /* [CP] Embed Pods Frameworks */,
			);
			buildRules = (
			);
			dependencies = (
			);
			name = CareFree;
			productName = CareFree;
			productReference = F5D9752122A3B36E0014BE15 /* CareFree.app */;
			productType = "com.apple.product-type.application";
		};
/* End PBXNativeTarget section */

/* Begin PBXProject section */
		F5D9751922A3B36E0014BE15 /* Project object */ = {
			isa = PBXProject;
			attributes = {
				LastSwiftUpdateCheck = 1020;
				LastUpgradeCheck = 1020;
				ORGANIZATIONNAME = "张驰";
				TargetAttributes = {
					F5D9752022A3B36E0014BE15 = {
						CreatedOnToolsVersion = 10.2;
						LastSwiftMigration = 1020;
					};
				};
			};
			buildConfigurationList = F5D9751C22A3B36E0014BE15 /* Build configuration list for PBXProject "CareFree" */;
			compatibilityVersion = "Xcode 9.3";
			developmentRegion = en;
			hasScannedForEncodings = 0;
			knownRegions = (
				en,
				Base,
			);
			mainGroup = F5D9751822A3B36E0014BE15;
			productRefGroup = F5D9752222A3B36E0014BE15 /* Products */;
			projectDirPath = "";
			projectRoot = "";
			targets = (
				F5D9752022A3B36E0014BE15 /* CareFree */,
			);
		};
/* End PBXProject section */

/* Begin PBXResourcesBuildPhase section */
		F5D9751F22A3B36E0014BE15 /* Resources */ = {
			isa = PBXResourcesBuildPhase;
			buildActionMask = 2147483647;
			files = (
				F5D9752F22A3B3700014BE15 /* LaunchScreen.storyboard in Resources */,
				250DDD0322ED2935001C765B /* diary_today.json in Resources */,
				F5C7738822B090F70087520B /* RegisterViewController.xib in Resources */,
				F54A1D1F22A9428C005836B3 /* writeCell.xib in Resources */,
				25EBFE5422E19B680055B7C2 /* RCViewController.xib in Resources */,
				250DDD0522ED2939001C765B /* diary_now.json in Resources */,
				F5303D5B22A8E2B00060EACE /* CFMineCell.xib in Resources */,
				F502C39C22EE909C00E99112 /* CalmViewController.xib in Resources */,
				F5C7739122B092240087520B /* CutUserViewController.xib in Resources */,
				F5C7739722B092500087520B /* FacebackViewController.xib in Resources */,
				F5D9752C22A3B3700014BE15 /* Assets.xcassets in Resources */,
				F55C10DA22AB52490036BE31 /* albumTwoCell.xib in Resources */,
				F502C3B722EE965F00E99112 /* 往后余生.mp3 in Resources */,
				F58869CC22E99E280047BEF5 /* mine.json in Resources */,
				F5D9752A22A3B36E0014BE15 /* Main.storyboard in Resources */,
				F502C3B022EE956200E99112 /* ARPanorama.storyboard in Resources */,
				F5AC532E22AA136D008A78E2 /* diaryPhotoCell.xib in Resources */,
				F502C3A022EE91C000E99112 /* SoSadViewController.xib in Resources */,
				F54A1D1722A93422005836B3 /* emotionCell.xib in Resources */,
				F502C3A422EE93BA00E99112 /* SadViewController.xib in Resources */,
				F5C7738C22B091D90087520B /* AboutViewController.xib in Resources */,
				F5C7739C22B0927D0087520B /* AlterUserNameController.xib in Resources */,
				F5C7738422B08C3A0087520B /* LoginViewController.xib in Resources */,
				F58869A122E951BC0047BEF5 /* AlbumMoreViewController.xib in Resources */,
			);
			runOnlyForDeploymentPostprocessing = 0;
		};
/* End PBXResourcesBuildPhase section */

/* Begin PBXShellScriptBuildPhase section */
		06A4F3634E49C554880C5364 /* [CP] Check Pods Manifest.lock */ = {
			isa = PBXShellScriptBuildPhase;
			buildActionMask = 2147483647;
			files = (
			);
			inputPaths = (
				"${PODS_PODFILE_DIR_PATH}/Podfile.lock",
				"${PODS_ROOT}/Manifest.lock",
			);
			name = "[CP] Check Pods Manifest.lock";
			outputPaths = (
				"$(DERIVED_FILE_DIR)/Pods-CareFree-checkManifestLockResult.txt",
			);
			runOnlyForDeploymentPostprocessing = 0;
			shellPath = /bin/sh;
			shellScript = "diff \"${PODS_PODFILE_DIR_PATH}/Podfile.lock\" \"${PODS_ROOT}/Manifest.lock\" > /dev/null\nif [ $? != 0 ] ; then\n    # print error to STDERR\n    echo \"error: The sandbox is not in sync with the Podfile.lock. Run 'pod install' or update your CocoaPods installation.\" >&2\n    exit 1\nfi\n# This output is used by Xcode 'outputs' to avoid re-running this script phase.\necho \"SUCCESS\" > \"${SCRIPT_OUTPUT_FILE_0}\"\n";
			showEnvVarsInLog = 0;
		};
		7041C65CDE430184C24CC7F6 /* [CP] Embed Pods Frameworks */ = {
			isa = PBXShellScriptBuildPhase;
			buildActionMask = 2147483647;
			files = (
			);
			inputFileListPaths = (
				"${PODS_ROOT}/Target Support Files/Pods-CareFree/Pods-CareFree-frameworks-${CONFIGURATION}-input-files.xcfilelist",
			);
			inputPaths = (
				"${PODS_ROOT}/Target Support Files/Pods-CareFree/Pods-CareFree-frameworks.sh",
				"${BUILT_PRODUCTS_DIR}/Alamofire/Alamofire.framework",
				"${BUILT_PRODUCTS_DIR}/BSGridCollectionViewLayout/BSGridCollectionViewLayout.framework",
				"${BUILT_PRODUCTS_DIR}/BSImagePicker/BSImagePicker.framework",
				"${BUILT_PRODUCTS_DIR}/BSImageView/BSImageView.framework",
				"${BUILT_PRODUCTS_DIR}/CollectionKit/CollectionKit.framework",
				"${BUILT_PRODUCTS_DIR}/DNSPageView/DNSPageView.framework",
				"${BUILT_PRODUCTS_DIR}/ESTabBarController-swift/ESTabBarController_swift.framework",
				"${BUILT_PRODUCTS_DIR}/EachNavigationBar/EachNavigationBar.framework",
				"${BUILT_PRODUCTS_DIR}/HandyJSON/HandyJSON.framework",
				"${BUILT_PRODUCTS_DIR}/Hero/Hero.framework",
				"${BUILT_PRODUCTS_DIR}/Kingfisher/Kingfisher.framework",
				"${BUILT_PRODUCTS_DIR}/MJRefresh/MJRefresh.framework",
				"${BUILT_PRODUCTS_DIR}/ProgressHUD/ProgressHUD.framework",
				"${BUILT_PRODUCTS_DIR}/QuickLayout/QuickLayout.framework",
				"${BUILT_PRODUCTS_DIR}/Realm/Realm.framework",
				"${BUILT_PRODUCTS_DIR}/RealmSwift/RealmSwift.framework",
				"${BUILT_PRODUCTS_DIR}/RxRealm/RxRealm.framework",
				"${BUILT_PRODUCTS_DIR}/RxSwift/RxSwift.framework",
				"${BUILT_PRODUCTS_DIR}/SideMenu/SideMenu.framework",
				"${BUILT_PRODUCTS_DIR}/SnapKit/SnapKit.framework",
				"${BUILT_PRODUCTS_DIR}/SwiftEntryKit/SwiftEntryKit.framework",
				"${BUILT_PRODUCTS_DIR}/SwiftyJSON/SwiftyJSON.framework",
				"${BUILT_PRODUCTS_DIR}/YetAnotherAnimationLibrary/YetAnotherAnimationLibrary.framework",
				"${BUILT_PRODUCTS_DIR}/lottie-ios/Lottie.framework",
			);
			name = "[CP] Embed Pods Frameworks";
			outputFileListPaths = (
				"${PODS_ROOT}/Target Support Files/Pods-CareFree/Pods-CareFree-frameworks-${CONFIGURATION}-output-files.xcfilelist",
			);
			outputPaths = (
			);
			runOnlyForDeploymentPostprocessing = 0;
			shellPath = /bin/sh;
			shellScript = "\"${PODS_ROOT}/Target Support Files/Pods-CareFree/Pods-CareFree-frameworks.sh\"\n";
			showEnvVarsInLog = 0;
		};
/* End PBXShellScriptBuildPhase section */

/* Begin PBXSourcesBuildPhase section */
		F5D9751D22A3B36E0014BE15 /* Sources */ = {
			isa = PBXSourcesBuildPhase;
			buildActionMask = 2147483647;
			files = (
				F56C2E0A22AA811200BCFA11 /* showBodyCell.swift in Sources */,
				F5D9752722A3B36E0014BE15 /* ViewController.swift in Sources */,
				F5303D5A22A8E2B00060EACE /* CFMineCell.swift in Sources */,
				F5D28D5622BB1921008CA4D2 /* DiaryViewController.swift in Sources */,
				F502C3AF22EE956200E99112 /* TKARViewController.swift in Sources */,
				F5C7738B22B091D90087520B /* AboutViewController.swift in Sources */,
				F5C4091D22EED74F004DE68A /* CoustDNSPageView.swift in Sources */,
				F58869C222E9930E0047BEF5 /* CFMineViewModel.swift in Sources */,
				F56C2E0822AA720A00BCFA11 /* showHeadCell.swift in Sources */,
				F56C2E0422AA5CFA00BCFA11 /* showDiaryController.swift in Sources */,
				F502C3B122EE956200E99112 /* ResourceManager.swift in Sources */,
				F54A1D1122A90638005836B3 /* diaryModel.swift in Sources */,
				F5EEED0C22AFE71400C84E9B /* setModel.swift in Sources */,
				F5D28D6122BB1DD8008CA4D2 /* DshowDiaryCell.swift in Sources */,
				F54A1D1322A9064A005836B3 /* diaryCell.swift in Sources */,
				F54A1D1E22A9428C005836B3 /* writeCell.swift in Sources */,
				F58869B822E98CEB0047BEF5 /* CFBaseViewController.swift in Sources */,
				F5FCFA6122AE85CB00C7B8A0 /* MineCell.swift in Sources */,
				F55C10D922AB52490036BE31 /* albumTwoCell.swift in Sources */,
				F5C4091B22EED287004DE68A /* YearEmotionController.swift in Sources */,
				F502C39822EE8C4000E99112 /* HappyAlbumController.swift in Sources */,
				F5C7739622B092500087520B /* FacebackViewController.swift in Sources */,
				F5D28D5E22BB1D45008CA4D2 /* DsearchCell.swift in Sources */,
				F5C7739022B092240087520B /* CutUserViewController.swift in Sources */,
				F502C3B222EE956200E99112 /* DLARSCNView.swift in Sources */,
				F502C3B322EE956200E99112 /* TKPanoramaSelectViewController.swift in Sources */,
				F55C10D222AB3E4A0036BE31 /* homeHeadCell.swift in Sources */,
				F52A269422ACD544000785D4 /* TrashViewController.swift in Sources */,
				F5C4091722EED267004DE68A /* WeekEmotionController.swift in Sources */,
				F5C7739B22B0927D0087520B /* AlterUserNameController.swift in Sources */,
				251215A722E060E70025CFD9 /* UserDefaults.swift in Sources */,
				F5C7738722B090F70087520B /* RegisterViewController.swift in Sources */,
				250DDCFE22ED2907001C765B /* CFDiaryController.swift in Sources */,
				25EBFE4722E18D650055B7C2 /* RecommendHeaderView.swift in Sources */,
				F5D9752522A3B36E0014BE15 /* AppDelegate.swift in Sources */,
				25EBFE5022E193090055B7C2 /* BookCell.swift in Sources */,
				F54A1D1622A93422005836B3 /* emotionCell.swift in Sources */,
				25EBFE3C22E16B000055B7C2 /* RecommendController.swift in Sources */,
				F502C39B22EE909C00E99112 /* CalmViewController.swift in Sources */,
				F5AC532A22AA07A7008A78E2 /* writeDiaryCell.swift in Sources */,
				F5303D5322A8D4C20060EACE /* CFDiaryViewController.swift in Sources */,
				F5A5B2DD22BB359A003BBF5D /* DwriteDiaryCell.swift in Sources */,
				F55C10D622AB4FDC0036BE31 /* albumCell.swift in Sources */,
				F502C3B522EE956200E99112 /* ResourceConfiguration.swift in Sources */,
				F56C2E0622AA6B2E00BCFA11 /* MainNavigationController.swift in Sources */,
				F502C3B422EE956200E99112 /* TKMacro.swift in Sources */,
				F54A1D1B22A93A64005836B3 /* diaryWriteCell.swift in Sources */,
				F502C39622EE865700E99112 /* AlbumDetialController.swift in Sources */,
				25EBFE4C22E190E50055B7C2 /* RecommendBookCell.swift in Sources */,
				F5303D4B22A8D2AD0060EACE /* Const.swift in Sources */,
				F5C7738322B08C3A0087520B /* LoginViewController.swift in Sources */,
				F58869BC22E991770047BEF5 /* CFMineController.swift in Sources */,
				F5303D4F22A8D3B60060EACE /* CFBasicContentView.swift in Sources */,
				F5C4091922EED276004DE68A /* MouthEmotionController.swift in Sources */,
				F58869BA22E98EAB0047BEF5 /* CFHomeController.swift in Sources */,
				25EBFE5322E19B680055B7C2 /* RCViewController.swift in Sources */,
				F5A5B2DF22BB385A003BBF5D /* DiaryViewModel.swift in Sources */,
				F502C3A322EE93BA00E99112 /* SadViewController.swift in Sources */,
				F502C3A722EE955700E99112 /* ImportOC.m in Sources */,
				F5303D5122A8D4B60060EACE /* CFHomeViewController.swift in Sources */,
				F5303D4D22A8D2C70060EACE /* Extension.swift in Sources */,
				251215AB22E062010025CFD9 /* MyModel.swift in Sources */,
				F58869C422E993580047BEF5 /* CFMineModel.swift in Sources */,
				F59FC05C22F16B37008F5019 /* PageChartCell.swift in Sources */,
				F5AC532D22AA136D008A78E2 /* diaryPhotoCell.swift in Sources */,
				F58869A022E951BC0047BEF5 /* AlbumMoreViewController.swift in Sources */,
				F502C39F22EE91C000E99112 /* SoSadViewController.swift in Sources */,
				F5AC532622AA0289008A78E2 /* diaryWriteController.swift in Sources */,
				F56C2E0C22AA82D600BCFA11 /* nowModel.swift in Sources */,
				F55C10D422AB3E710036BE31 /* homeRecommendCell.swift in Sources */,
				F536AAE522B1273B00F9853B /* emotionChartModel.swift in Sources */,
				F5A5C3B922B26C830060AA3E /* Diary.swift in Sources */,
				F52A269222ACD537000785D4 /* SetViewController.swift in Sources */,
				F5C4091522EED25C004DE68A /* DayEmotionController.swift in Sources */,
				F5303D5522A8D4CE0060EACE /* CFAlbumViewController.swift in Sources */,
				F5C8D40322EA900E002215F4 /* MineChartCell.swift in Sources */,
				25EBFE4E22E1924B0055B7C2 /* BookModel.swift in Sources */,
				25EBFE3722E14E8D0055B7C2 /* YQCircleProgressView.swift in Sources */,
				F536AAC322B10EC100F9853B /* EmotionChartController.swift in Sources */,
				250DDD0722ED2B56001C765B /* DiaryModel.swift in Sources */,
				F5303D5722A8D4D80060EACE /* CFMineViewController.swift in Sources */,
				F536AAC522B1152400F9853B /* emotionChartCell.swift in Sources */,
				F5EEED0A22AFDC9500C84E9B /* setCell.swift in Sources */,
			);
			runOnlyForDeploymentPostprocessing = 0;
		};
/* End PBXSourcesBuildPhase section */

/* Begin PBXVariantGroup section */
		F5D9752822A3B36E0014BE15 /* Main.storyboard */ = {
			isa = PBXVariantGroup;
			children = (
				F5D9752922A3B36E0014BE15 /* Base */,
			);
			name = Main.storyboard;
			sourceTree = "<group>";
		};
		F5D9752D22A3B3700014BE15 /* LaunchScreen.storyboard */ = {
			isa = PBXVariantGroup;
			children = (
				F5D9752E22A3B3700014BE15 /* Base */,
			);
			name = LaunchScreen.storyboard;
			sourceTree = "<group>";
		};
/* End PBXVariantGroup section */

/* Begin XCBuildConfiguration section */
		F5D9753122A3B3700014BE15 /* Debug */ = {
			isa = XCBuildConfiguration;
			buildSettings = {
				ALWAYS_SEARCH_USER_PATHS = NO;
				CLANG_ANALYZER_NONNULL = YES;
				CLANG_ANALYZER_NUMBER_OBJECT_CONVERSION = YES_AGGRESSIVE;
				CLANG_CXX_LANGUAGE_STANDARD = "gnu++14";
				CLANG_CXX_LIBRARY = "libc++";
				CLANG_ENABLE_MODULES = YES;
				CLANG_ENABLE_OBJC_ARC = YES;
				CLANG_ENABLE_OBJC_WEAK = YES;
				CLANG_WARN_BLOCK_CAPTURE_AUTORELEASING = YES;
				CLANG_WARN_BOOL_CONVERSION = YES;
				CLANG_WARN_COMMA = YES;
				CLANG_WARN_CONSTANT_CONVERSION = YES;
				CLANG_WARN_DEPRECATED_OBJC_IMPLEMENTATIONS = YES;
				CLANG_WARN_DIRECT_OBJC_ISA_USAGE = YES_ERROR;
				CLANG_WARN_DOCUMENTATION_COMMENTS = YES;
				CLANG_WARN_EMPTY_BODY = YES;
				CLANG_WARN_ENUM_CONVERSION = YES;
				CLANG_WARN_INFINITE_RECURSION = YES;
				CLANG_WARN_INT_CONVERSION = YES;
				CLANG_WARN_NON_LITERAL_NULL_CONVERSION = YES;
				CLANG_WARN_OBJC_IMPLICIT_RETAIN_SELF = YES;
				CLANG_WARN_OBJC_LITERAL_CONVERSION = YES;
				CLANG_WARN_OBJC_ROOT_CLASS = YES_ERROR;
				CLANG_WARN_RANGE_LOOP_ANALYSIS = YES;
				CLANG_WARN_STRICT_PROTOTYPES = YES;
				CLANG_WARN_SUSPICIOUS_MOVE = YES;
				CLANG_WARN_UNGUARDED_AVAILABILITY = YES_AGGRESSIVE;
				CLANG_WARN_UNREACHABLE_CODE = YES;
				CLANG_WARN__DUPLICATE_METHOD_MATCH = YES;
				CODE_SIGN_IDENTITY = "iPhone Developer";
				COPY_PHASE_STRIP = NO;
				DEBUG_INFORMATION_FORMAT = dwarf;
				ENABLE_STRICT_OBJC_MSGSEND = YES;
				ENABLE_TESTABILITY = YES;
				GCC_C_LANGUAGE_STANDARD = gnu11;
				GCC_DYNAMIC_NO_PIC = NO;
				GCC_NO_COMMON_BLOCKS = YES;
				GCC_OPTIMIZATION_LEVEL = 0;
				GCC_PREPROCESSOR_DEFINITIONS = (
					"DEBUG=1",
					"$(inherited)",
				);
				GCC_WARN_64_TO_32_BIT_CONVERSION = YES;
				GCC_WARN_ABOUT_RETURN_TYPE = YES_ERROR;
				GCC_WARN_UNDECLARED_SELECTOR = YES;
				GCC_WARN_UNINITIALIZED_AUTOS = YES_AGGRESSIVE;
				GCC_WARN_UNUSED_FUNCTION = YES;
				GCC_WARN_UNUSED_VARIABLE = YES;
				IPHONEOS_DEPLOYMENT_TARGET = 12.0;
				MTL_ENABLE_DEBUG_INFO = INCLUDE_SOURCE;
				MTL_FAST_MATH = YES;
				ONLY_ACTIVE_ARCH = YES;
				SDKROOT = iphoneos;
				SWIFT_ACTIVE_COMPILATION_CONDITIONS = DEBUG;
				SWIFT_OPTIMIZATION_LEVEL = "-Onone";
			};
			name = Debug;
		};
		F5D9753222A3B3700014BE15 /* Release */ = {
			isa = XCBuildConfiguration;
			buildSettings = {
				ALWAYS_SEARCH_USER_PATHS = NO;
				CLANG_ANALYZER_NONNULL = YES;
				CLANG_ANALYZER_NUMBER_OBJECT_CONVERSION = YES_AGGRESSIVE;
				CLANG_CXX_LANGUAGE_STANDARD = "gnu++14";
				CLANG_CXX_LIBRARY = "libc++";
				CLANG_ENABLE_MODULES = YES;
				CLANG_ENABLE_OBJC_ARC = YES;
				CLANG_ENABLE_OBJC_WEAK = YES;
				CLANG_WARN_BLOCK_CAPTURE_AUTORELEASING = YES;
				CLANG_WARN_BOOL_CONVERSION = YES;
				CLANG_WARN_COMMA = YES;
				CLANG_WARN_CONSTANT_CONVERSION = YES;
				CLANG_WARN_DEPRECATED_OBJC_IMPLEMENTATIONS = YES;
				CLANG_WARN_DIRECT_OBJC_ISA_USAGE = YES_ERROR;
				CLANG_WARN_DOCUMENTATION_COMMENTS = YES;
				CLANG_WARN_EMPTY_BODY = YES;
				CLANG_WARN_ENUM_CONVERSION = YES;
				CLANG_WARN_INFINITE_RECURSION = YES;
				CLANG_WARN_INT_CONVERSION = YES;
				CLANG_WARN_NON_LITERAL_NULL_CONVERSION = YES;
				CLANG_WARN_OBJC_IMPLICIT_RETAIN_SELF = YES;
				CLANG_WARN_OBJC_LITERAL_CONVERSION = YES;
				CLANG_WARN_OBJC_ROOT_CLASS = YES_ERROR;
				CLANG_WARN_RANGE_LOOP_ANALYSIS = YES;
				CLANG_WARN_STRICT_PROTOTYPES = YES;
				CLANG_WARN_SUSPICIOUS_MOVE = YES;
				CLANG_WARN_UNGUARDED_AVAILABILITY = YES_AGGRESSIVE;
				CLANG_WARN_UNREACHABLE_CODE = YES;
				CLANG_WARN__DUPLICATE_METHOD_MATCH = YES;
				CODE_SIGN_IDENTITY = "iPhone Developer";
				COPY_PHASE_STRIP = NO;
				DEBUG_INFORMATION_FORMAT = "dwarf-with-dsym";
				ENABLE_NS_ASSERTIONS = NO;
				ENABLE_STRICT_OBJC_MSGSEND = YES;
				GCC_C_LANGUAGE_STANDARD = gnu11;
				GCC_NO_COMMON_BLOCKS = YES;
				GCC_WARN_64_TO_32_BIT_CONVERSION = YES;
				GCC_WARN_ABOUT_RETURN_TYPE = YES_ERROR;
				GCC_WARN_UNDECLARED_SELECTOR = YES;
				GCC_WARN_UNINITIALIZED_AUTOS = YES_AGGRESSIVE;
				GCC_WARN_UNUSED_FUNCTION = YES;
				GCC_WARN_UNUSED_VARIABLE = YES;
				IPHONEOS_DEPLOYMENT_TARGET = 12.0;
				MTL_ENABLE_DEBUG_INFO = NO;
				MTL_FAST_MATH = YES;
				SDKROOT = iphoneos;
				SWIFT_COMPILATION_MODE = wholemodule;
				SWIFT_OPTIMIZATION_LEVEL = "-O";
				VALIDATE_PRODUCT = YES;
			};
			name = Release;
		};
		F5D9753422A3B3700014BE15 /* Debug */ = {
			isa = XCBuildConfiguration;
			baseConfigurationReference = 0AC6F29334E319B68CC1EE99 /* Pods-CareFree.debug.xcconfig */;
			buildSettings = {
				ASSETCATALOG_COMPILER_APPICON_NAME = AppIcon;
				CLANG_ENABLE_MODULES = YES;
				CODE_SIGN_STYLE = Automatic;
				DEVELOPMENT_TEAM = A4TWU4S2JA;
				INFOPLIST_FILE = CareFree/Info.plist;
				LD_RUNPATH_SEARCH_PATHS = (
					"$(inherited)",
					"@executable_path/Frameworks",
				);
				PRODUCT_BUNDLE_IDENTIFIER = zc.cone.CareFree;
				PRODUCT_NAME = "$(TARGET_NAME)";
				SWIFT_OBJC_BRIDGING_HEADER = "CareFree/CareFree-Bridging-Header.h";
				SWIFT_OPTIMIZATION_LEVEL = "-Onone";
				SWIFT_VERSION = 5.0;
				TARGETED_DEVICE_FAMILY = "1,2";
			};
			name = Debug;
		};
		F5D9753522A3B3700014BE15 /* Release */ = {
			isa = XCBuildConfiguration;
			baseConfigurationReference = 7F85E82E5540FEAE07E10186 /* Pods-CareFree.release.xcconfig */;
			buildSettings = {
				ASSETCATALOG_COMPILER_APPICON_NAME = AppIcon;
				CLANG_ENABLE_MODULES = YES;
				CODE_SIGN_STYLE = Automatic;
				DEVELOPMENT_TEAM = A4TWU4S2JA;
				INFOPLIST_FILE = CareFree/Info.plist;
				LD_RUNPATH_SEARCH_PATHS = (
					"$(inherited)",
					"@executable_path/Frameworks",
				);
				PRODUCT_BUNDLE_IDENTIFIER = zc.cone.CareFree;
				PRODUCT_NAME = "$(TARGET_NAME)";
				SWIFT_OBJC_BRIDGING_HEADER = "CareFree/CareFree-Bridging-Header.h";
				SWIFT_VERSION = 5.0;
				TARGETED_DEVICE_FAMILY = "1,2";
			};
			name = Release;
		};
/* End XCBuildConfiguration section */

/* Begin XCConfigurationList section */
		F5D9751C22A3B36E0014BE15 /* Build configuration list for PBXProject "CareFree" */ = {
			isa = XCConfigurationList;
			buildConfigurations = (
				F5D9753122A3B3700014BE15 /* Debug */,
				F5D9753222A3B3700014BE15 /* Release */,
			);
			defaultConfigurationIsVisible = 0;
			defaultConfigurationName = Release;
		};
		F5D9753322A3B3700014BE15 /* Build configuration list for PBXNativeTarget "CareFree" */ = {
			isa = XCConfigurationList;
			buildConfigurations = (
				F5D9753422A3B3700014BE15 /* Debug */,
				F5D9753522A3B3700014BE15 /* Release */,
			);
			defaultConfigurationIsVisible = 0;
			defaultConfigurationName = Release;
		};
/* End XCConfigurationList section */
	};
	rootObject = F5D9751922A3B36E0014BE15 /* Project object */;
}
